// !$*UTF8*$!
{
	archiveVersion = 1;
	classes = {
	};
	objectVersion = 55;
	objects = {

/* Begin PBXBuildFile section */
		E1EBAF2128E628660003561E /* AppDelegate.swift in Sources */ = {isa = PBXBuildFile; fileRef = E1EBAF2028E628660003561E /* AppDelegate.swift */; };
		E1EBAF2328E628660003561E /* SceneDelegate.swift in Sources */ = {isa = PBXBuildFile; fileRef = E1EBAF2228E628660003561E /* SceneDelegate.swift */; };
		E1EBAF2528E628660003561E /* ViewController.swift in Sources */ = {isa = PBXBuildFile; fileRef = E1EBAF2428E628660003561E /* ViewController.swift */; };
		E1EBAF2828E628660003561E /* Main.storyboard in Resources */ = {isa = PBXBuildFile; fileRef = E1EBAF2628E628660003561E /* Main.storyboard */; };
		E1EBAF2A28E628670003561E /* Assets.xcassets in Resources */ = {isa = PBXBuildFile; fileRef = E1EBAF2928E628670003561E /* Assets.xcassets */; };
		E1EBAF2D28E628670003561E /* LaunchScreen.storyboard in Resources */ = {isa = PBXBuildFile; fileRef = E1EBAF2B28E628670003561E /* LaunchScreen.storyboard */; };
		E1EBAF3828E628670003561E /* SecureTestTests.swift in Sources */ = {isa = PBXBuildFile; fileRef = E1EBAF3728E628670003561E /* SecureTestTests.swift */; };
		E1EBAF4228E628670003561E /* SecureTestUITests.swift in Sources */ = {isa = PBXBuildFile; fileRef = E1EBAF4128E628670003561E /* SecureTestUITests.swift */; };
		E1EBAF4428E628670003561E /* SecureTestUITestsLaunchTests.swift in Sources */ = {isa = PBXBuildFile; fileRef = E1EBAF4328E628670003561E /* SecureTestUITestsLaunchTests.swift */; };
		E1EBAF5128E634770003561E /* test.mp4 in Resources */ = {isa = PBXBuildFile; fileRef = E1EBAF5028E634060003561E /* test.mp4 */; };
/* End PBXBuildFile section */

/* Begin PBXContainerItemProxy section */
		E1EBAF3428E628670003561E /* PBXContainerItemProxy */ = {
			isa = PBXContainerItemProxy;
			containerPortal = E1EBAF1528E628660003561E /* Project object */;
			proxyType = 1;
			remoteGlobalIDString = E1EBAF1C28E628660003561E;
			remoteInfo = SecureTest;
		};
		E1EBAF3E28E628670003561E /* PBXContainerItemProxy */ = {
			isa = PBXContainerItemProxy;
			containerPortal = E1EBAF1528E628660003561E /* Project object */;
			proxyType = 1;
			remoteGlobalIDString = E1EBAF1C28E628660003561E;
			remoteInfo = SecureTest;
		};
/* End PBXContainerItemProxy section */

/* Begin PBXFileReference section */
		E1EBAF1D28E628660003561E /* SecureTest.app */ = {isa = PBXFileReference; explicitFileType = wrapper.application; includeInIndex = 0; path = SecureTest.app; sourceTree = BUILT_PRODUCTS_DIR; };
		E1EBAF2028E628660003561E /* AppDelegate.swift */ = {isa = PBXFileReference; lastKnownFileType = sourcecode.swift; path = AppDelegate.swift; sourceTree = "<group>"; };
		E1EBAF2228E628660003561E /* SceneDelegate.swift */ = {isa = PBXFileReference; lastKnownFileType = sourcecode.swift; path = SceneDelegate.swift; sourceTree = "<group>"; };
		E1EBAF2428E628660003561E /* ViewController.swift */ = {isa = PBXFileReference; lastKnownFileType = sourcecode.swift; path = ViewController.swift; sourceTree = "<group>"; };
		E1EBAF2728E628660003561E /* Base */ = {isa = PBXFileReference; lastKnownFileType = file.storyboard; name = Base; path = Base.lproj/Main.storyboard; sourceTree = "<group>"; };
		E1EBAF2928E628670003561E /* Assets.xcassets */ = {isa = PBXFileReference; lastKnownFileType = folder.assetcatalog; path = Assets.xcassets; sourceTree = "<group>"; };
		E1EBAF2C28E628670003561E /* Base */ = {isa = PBXFileReference; lastKnownFileType = file.storyboard; name = Base; path = Base.lproj/LaunchScreen.storyboard; sourceTree = "<group>"; };
		E1EBAF2E28E628670003561E /* Info.plist */ = {isa = PBXFileReference; lastKnownFileType = text.plist.xml; path = Info.plist; sourceTree = "<group>"; };
		E1EBAF3328E628670003561E /* SecureTestTests.xctest */ = {isa = PBXFileReference; explicitFileType = wrapper.cfbundle; includeInIndex = 0; path = SecureTestTests.xctest; sourceTree = BUILT_PRODUCTS_DIR; };
		E1EBAF3728E628670003561E /* SecureTestTests.swift */ = {isa = PBXFileReference; lastKnownFileType = sourcecode.swift; path = SecureTestTests.swift; sourceTree = "<group>"; };
		E1EBAF3D28E628670003561E /* SecureTestUITests.xctest */ = {isa = PBXFileReference; explicitFileType = wrapper.cfbundle; includeInIndex = 0; path = SecureTestUITests.xctest; sourceTree = BUILT_PRODUCTS_DIR; };
		E1EBAF4128E628670003561E /* SecureTestUITests.swift */ = {isa = PBXFileReference; lastKnownFileType = sourcecode.swift; path = SecureTestUITests.swift; sourceTree = "<group>"; };
		E1EBAF4328E628670003561E /* SecureTestUITestsLaunchTests.swift */ = {isa = PBXFileReference; lastKnownFileType = sourcecode.swift; path = SecureTestUITestsLaunchTests.swift; sourceTree = "<group>"; };
		E1EBAF5028E634060003561E /* test.mp4 */ = {isa = PBXFileReference; lastKnownFileType = file; path = test.mp4; sourceTree = "<group>"; };
/* End PBXFileReference section */

/* Begin PBXFrameworksBuildPhase section */
		E1EBAF1A28E628660003561E /* Frameworks */ = {
			isa = PBXFrameworksBuildPhase;
			buildActionMask = 2147483647;
			files = (
			);
			runOnlyForDeploymentPostprocessing = 0;
		};
		E1EBAF3028E628670003561E /* Frameworks */ = {
			isa = PBXFrameworksBuildPhase;
			buildActionMask = 2147483647;
			files = (
			);
			runOnlyForDeploymentPostprocessing = 0;
		};
		E1EBAF3A28E628670003561E /* Frameworks */ = {
			isa = PBXFrameworksBuildPhase;
			buildActionMask = 2147483647;
			files = (
			);
			runOnlyForDeploymentPostprocessing = 0;
		};
/* End PBXFrameworksBuildPhase section */

/* Begin PBXGroup section */
		E1EBAF1428E628660003561E = {
			isa = PBXGroup;
			children = (
				E1EBAF1F28E628660003561E /* SecureTest */,
				E1EBAF3628E628670003561E /* SecureTestTests */,
				E1EBAF4028E628670003561E /* SecureTestUITests */,
				E1EBAF1E28E628660003561E /* Products */,
			);
			sourceTree = "<group>";
		};
		E1EBAF1E28E628660003561E /* Products */ = {
			isa = PBXGroup;
			children = (
				E1EBAF1D28E628660003561E /* SecureTest.app */,
				E1EBAF3328E628670003561E /* SecureTestTests.xctest */,
				E1EBAF3D28E628670003561E /* SecureTestUITests.xctest */,
			);
			name = Products;
			sourceTree = "<group>";
		};
		E1EBAF1F28E628660003561E /* SecureTest */ = {
			isa = PBXGroup;
			children = (
				E1EBAF5028E634060003561E /* test.mp4 */,
				E1EBAF2028E628660003561E /* AppDelegate.swift */,
				E1EBAF2228E628660003561E /* SceneDelegate.swift */,
				E1EBAF2428E628660003561E /* ViewController.swift */,
				E1EBAF2628E628660003561E /* Main.storyboard */,
				E1EBAF2928E628670003561E /* Assets.xcassets */,
				E1EBAF2B28E628670003561E /* LaunchScreen.storyboard */,
				E1EBAF2E28E628670003561E /* Info.plist */,
			);
			path = SecureTest;
			sourceTree = "<group>";
		};
		E1EBAF3628E628670003561E /* SecureTestTests */ = {
			isa = PBXGroup;
			children = (
				E1EBAF3728E628670003561E /* SecureTestTests.swift */,
			);
			path = SecureTestTests;
			sourceTree = "<group>";
		};
		E1EBAF4028E628670003561E /* SecureTestUITests */ = {
			isa = PBXGroup;
			children = (
				E1EBAF4128E628670003561E /* SecureTestUITests.swift */,
				E1EBAF4328E628670003561E /* SecureTestUITestsLaunchTests.swift */,
			);
			path = SecureTestUITests;
			sourceTree = "<group>";
		};
/* End PBXGroup section */

/* Begin PBXNativeTarget section */
		E1EBAF1C28E628660003561E /* SecureTest */ = {
			isa = PBXNativeTarget;
			buildConfigurationList = E1EBAF4728E628670003561E /* Build configuration list for PBXNativeTarget "SecureTest" */;
			buildPhases = (
				E1EBAF1928E628660003561E /* Sources */,
				E1EBAF1A28E628660003561E /* Frameworks */,
				E1EBAF1B28E628660003561E /* Resources */,
			);
			buildRules = (
			);
			dependencies = (
			);
			name = SecureTest;
			productName = SecureTest;
			productReference = E1EBAF1D28E628660003561E /* SecureTest.app */;
			productType = "com.apple.product-type.application";
		};
		E1EBAF3228E628670003561E /* SecureTestTests */ = {
			isa = PBXNativeTarget;
			buildConfigurationList = E1EBAF4A28E628670003561E /* Build configuration list for PBXNativeTarget "SecureTestTests" */;
			buildPhases = (
				E1EBAF2F28E628670003561E /* Sources */,
				E1EBAF3028E628670003561E /* Frameworks */,
				E1EBAF3128E628670003561E /* Resources */,
			);
			buildRules = (
			);
			dependencies = (
				E1EBAF3528E628670003561E /* PBXTargetDependency */,
			);
			name = SecureTestTests;
			productName = SecureTestTests;
			productReference = E1EBAF3328E628670003561E /* SecureTestTests.xctest */;
			productType = "com.apple.product-type.bundle.unit-test";
		};
		E1EBAF3C28E628670003561E /* SecureTestUITests */ = {
			isa = PBXNativeTarget;
			buildConfigurationList = E1EBAF4D28E628670003561E /* Build configuration list for PBXNativeTarget "SecureTestUITests" */;
			buildPhases = (
				E1EBAF3928E628670003561E /* Sources */,
				E1EBAF3A28E628670003561E /* Frameworks */,
				E1EBAF3B28E628670003561E /* Resources */,
			);
			buildRules = (
			);
			dependencies = (
				E1EBAF3F28E628670003561E /* PBXTargetDependency */,
			);
			name = SecureTestUITests;
			productName = SecureTestUITests;
			productReference = E1EBAF3D28E628670003561E /* SecureTestUITests.xctest */;
			productType = "com.apple.product-type.bundle.ui-testing";
		};
/* End PBXNativeTarget section */

/* Begin PBXProject section */
		E1EBAF1528E628660003561E /* Project object */ = {
			isa = PBXProject;
			attributes = {
				BuildIndependentTargetsInParallel = 1;
				LastSwiftUpdateCheck = 1340;
				LastUpgradeCheck = 1340;
				TargetAttributes = {
					E1EBAF1C28E628660003561E = {
						CreatedOnToolsVersion = 13.4.1;
					};
					E1EBAF3228E628670003561E = {
						CreatedOnToolsVersion = 13.4.1;
						TestTargetID = E1EBAF1C28E628660003561E;
					};
					E1EBAF3C28E628670003561E = {
						CreatedOnToolsVersion = 13.4.1;
						TestTargetID = E1EBAF1C28E628660003561E;
					};
				};
			};
			buildConfigurationList = E1EBAF1828E628660003561E /* Build configuration list for PBXProject "SecureTest" */;
			compatibilityVersion = "Xcode 13.0";
			developmentRegion = en;
			hasScannedForEncodings = 0;
			knownRegions = (
				en,
				Base,
			);
			mainGroup = E1EBAF1428E628660003561E;
			productRefGroup = E1EBAF1E28E628660003561E /* Products */;
			projectDirPath = "";
			projectRoot = "";
			targets = (
				E1EBAF1C28E628660003561E /* SecureTest */,
				E1EBAF3228E628670003561E /* SecureTestTests */,
				E1EBAF3C28E628670003561E /* SecureTestUITests */,
			);
		};
/* End PBXProject section */

/* Begin PBXResourcesBuildPhase section */
		E1EBAF1B28E628660003561E /* Resources */ = {
			isa = PBXResourcesBuildPhase;
			buildActionMask = 2147483647;
			files = (
				E1EBAF5128E634770003561E /* test.mp4 in Resources */,
				E1EBAF2D28E628670003561E /* LaunchScreen.storyboard in Resources */,
				E1EBAF2A28E628670003561E /* Assets.xcassets in Resources */,
				E1EBAF2828E628660003561E /* Main.storyboard in Resources */,
			);
			runOnlyForDeploymentPostprocessing = 0;
		};
		E1EBAF3128E628670003561E /* Resources */ = {
			isa = PBXResourcesBuildPhase;
			buildActionMask = 2147483647;
			files = (
			);
			runOnlyForDeploymentPostprocessing = 0;
		};
		E1EBAF3B28E628670003561E /* Resources */ = {
			isa = PBXResourcesBuildPhase;
			buildActionMask = 2147483647;
			files = (
			);
			runOnlyForDeploymentPostprocessing = 0;
		};
/* End PBXResourcesBuildPhase section */

/* Begin PBXSourcesBuildPhase section */
		E1EBAF1928E628660003561E /* Sources */ = {
			isa = PBXSourcesBuildPhase;
			buildActionMask = 2147483647;
			files = (
				E1EBAF2528E628660003561E /* ViewController.swift in Sources */,
				E1EBAF2128E628660003561E /* AppDelegate.swift in Sources */,
				E1EBAF2328E628660003561E /* SceneDelegate.swift in Sources */,
			);
			runOnlyForDeploymentPostprocessing = 0;
		};
		E1EBAF2F28E628670003561E /* Sources */ = {
			isa = PBXSourcesBuildPhase;
			buildActionMask = 2147483647;
			files = (
				E1EBAF3828E628670003561E /* SecureTestTests.swift in Sources */,
			);
			runOnlyForDeploymentPostprocessing = 0;
		};
		E1EBAF3928E628670003561E /* Sources */ = {
			isa = PBXSourcesBuildPhase;
			buildActionMask = 2147483647;
			files = (
				E1EBAF4228E628670003561E /* SecureTestUITests.swift in Sources */,
				E1EBAF4428E628670003561E /* SecureTestUITestsLaunchTests.swift in Sources */,
			);
			runOnlyForDeploymentPostprocessing = 0;
		};
/* End PBXSourcesBuildPhase section */

/* Begin PBXTargetDependency section */
		E1EBAF3528E628670003561E /* PBXTargetDependency */ = {
			isa = PBXTargetDependency;
			target = E1EBAF1C28E628660003561E /* SecureTest */;
			targetProxy = E1EBAF3428E628670003561E /* PBXContainerItemProxy */;
		};
		E1EBAF3F28E628670003561E /* PBXTargetDependency */ = {
			isa = PBXTargetDependency;
			target = E1EBAF1C28E628660003561E /* SecureTest */;
			targetProxy = E1EBAF3E28E628670003561E /* PBXContainerItemProxy */;
		};
/* End PBXTargetDependency section */

/* Begin PBXVariantGroup section */
		E1EBAF2628E628660003561E /* Main.storyboard */ = {
			isa = PBXVariantGroup;
			children = (
				E1EBAF2728E628660003561E /* Base */,
			);
			name = Main.storyboard;
			sourceTree = "<group>";
		};
		E1EBAF2B28E628670003561E /* LaunchScreen.storyboard */ = {
			isa = PBXVariantGroup;
			children = (
				E1EBAF2C28E628670003561E /* Base */,
			);
			name = LaunchScreen.storyboard;
			sourceTree = "<group>";
		};
/* End PBXVariantGroup section */

/* Begin XCBuildConfiguration section */
		E1EBAF4528E628670003561E /* Debug */ = {
			isa = XCBuildConfiguration;
			buildSettings = {
				ALWAYS_SEARCH_USER_PATHS = NO;
				CLANG_ANALYZER_NONNULL = YES;
				CLANG_ANALYZER_NUMBER_OBJECT_CONVERSION = YES_AGGRESSIVE;
				CLANG_CXX_LANGUAGE_STANDARD = "gnu++17";
				CLANG_ENABLE_MODULES = YES;
				CLANG_ENABLE_OBJC_ARC = YES;
				CLANG_ENABLE_OBJC_WEAK = YES;
				CLANG_WARN_BLOCK_CAPTURE_AUTORELEASING = YES;
				CLANG_WARN_BOOL_CONVERSION = YES;
				CLANG_WARN_COMMA = YES;
				CLANG_WARN_CONSTANT_CONVERSION = YES;
				CLANG_WARN_DEPRECATED_OBJC_IMPLEMENTATIONS = YES;
				CLANG_WARN_DIRECT_OBJC_ISA_USAGE = YES_ERROR;
				CLANG_WARN_DOCUMENTATION_COMMENTS = YES;
				CLANG_WARN_EMPTY_BODY = YES;
				CLANG_WARN_ENUM_CONVERSION = YES;
				CLANG_WARN_INFINITE_RECURSION = YES;
				CLANG_WARN_INT_CONVERSION = YES;
				CLANG_WARN_NON_LITERAL_NULL_CONVERSION = YES;
				CLANG_WARN_OBJC_IMPLICIT_RETAIN_SELF = YES;
				CLANG_WARN_OBJC_LITERAL_CONVERSION = YES;
				CLANG_WARN_OBJC_ROOT_CLASS = YES_ERROR;
				CLANG_WARN_QUOTED_INCLUDE_IN_FRAMEWORK_HEADER = YES;
				CLANG_WARN_RANGE_LOOP_ANALYSIS = YES;
				CLANG_WARN_STRICT_PROTOTYPES = YES;
				CLANG_WARN_SUSPICIOUS_MOVE = YES;
				CLANG_WARN_UNGUARDED_AVAILABILITY = YES_AGGRESSIVE;
				CLANG_WARN_UNREACHABLE_CODE = YES;
				CLANG_WARN__DUPLICATE_METHOD_MATCH = YES;
				COPY_PHASE_STRIP = NO;
				DEBUG_INFORMATION_FORMAT = dwarf;
				ENABLE_STRICT_OBJC_MSGSEND = YES;
				ENABLE_TESTABILITY = YES;
				GCC_C_LANGUAGE_STANDARD = gnu11;
				GCC_DYNAMIC_NO_PIC = NO;
				GCC_NO_COMMON_BLOCKS = YES;
				GCC_OPTIMIZATION_LEVEL = 0;
				GCC_PREPROCESSOR_DEFINITIONS = (
					"DEBUG=1",
					"$(inherited)",
				);
				GCC_WARN_64_TO_32_BIT_CONVERSION = YES;
				GCC_WARN_ABOUT_RETURN_TYPE = YES_ERROR;
				GCC_WARN_UNDECLARED_SELECTOR = YES;
				GCC_WARN_UNINITIALIZED_AUTOS = YES_AGGRESSIVE;
				GCC_WARN_UNUSED_FUNCTION = YES;
				GCC_WARN_UNUSED_VARIABLE = YES;
				IPHONEOS_DEPLOYMENT_TARGET = 15.5;
				MTL_ENABLE_DEBUG_INFO = INCLUDE_SOURCE;
				MTL_FAST_MATH = YES;
				ONLY_ACTIVE_ARCH = YES;
				SDKROOT = iphoneos;
				SWIFT_ACTIVE_COMPILATION_CONDITIONS = DEBUG;
				SWIFT_OPTIMIZATION_LEVEL = "-Onone";
			};
			name = Debug;
		};
		E1EBAF4628E628670003561E /* Release */ = {
			isa = XCBuildConfiguration;
			buildSettings = {
				ALWAYS_SEARCH_USER_PATHS = NO;
				CLANG_ANALYZER_NONNULL = YES;
				CLANG_ANALYZER_NUMBER_OBJECT_CONVERSION = YES_AGGRESSIVE;
				CLANG_CXX_LANGUAGE_STANDARD = "gnu++17";
				CLANG_ENABLE_MODULES = YES;
				CLANG_ENABLE_OBJC_ARC = YES;
				CLANG_ENABLE_OBJC_WEAK = YES;
				CLANG_WARN_BLOCK_CAPTURE_AUTORELEASING = YES;
				CLANG_WARN_BOOL_CONVERSION = YES;
				CLANG_WARN_COMMA = YES;
				CLANG_WARN_CONSTANT_CONVERSION = YES;
				CLANG_WARN_DEPRECATED_OBJC_IMPLEMENTATIONS = YES;
				CLANG_WARN_DIRECT_OBJC_ISA_USAGE = YES_ERROR;
				CLANG_WARN_DOCUMENTATION_COMMENTS = YES;
				CLANG_WARN_EMPTY_BODY = YES;
				CLANG_WARN_ENUM_CONVERSION = YES;
				CLANG_WARN_INFINITE_RECURSION = YES;
				CLANG_WARN_INT_CONVERSION = YES;
				CLANG_WARN_NON_LITERAL_NULL_CONVERSION = YES;
				CLANG_WARN_OBJC_IMPLICIT_RETAIN_SELF = YES;
				CLANG_WARN_OBJC_LITERAL_CONVERSION = YES;
				CLANG_WARN_OBJC_ROOT_CLASS = YES_ERROR;
				CLANG_WARN_QUOTED_INCLUDE_IN_FRAMEWORK_HEADER = YES;
				CLANG_WARN_RANGE_LOOP_ANALYSIS = YES;
				CLANG_WARN_STRICT_PROTOTYPES = YES;
				CLANG_WARN_SUSPICIOUS_MOVE = YES;
				CLANG_WARN_UNGUARDED_AVAILABILITY = YES_AGGRESSIVE;
				CLANG_WARN_UNREACHABLE_CODE = YES;
				CLANG_WARN__DUPLICATE_METHOD_MATCH = YES;
				COPY_PHASE_STRIP = NO;
				DEBUG_INFORMATION_FORMAT = "dwarf-with-dsym";
				ENABLE_NS_ASSERTIONS = NO;
				ENABLE_STRICT_OBJC_MSGSEND = YES;
				GCC_C_LANGUAGE_STANDARD = gnu11;
				GCC_NO_COMMON_BLOCKS = YES;
				GCC_WARN_64_TO_32_BIT_CONVERSION = YES;
				GCC_WARN_ABOUT_RETURN_TYPE = YES_ERROR;
				GCC_WARN_UNDECLARED_SELECTOR = YES;
				GCC_WARN_UNINITIALIZED_AUTOS = YES_AGGRESSIVE;
				GCC_WARN_UNUSED_FUNCTION = YES;
				GCC_WARN_UNUSED_VARIABLE = YES;
				IPHONEOS_DEPLOYMENT_TARGET = 15.5;
				MTL_ENABLE_DEBUG_INFO = NO;
				MTL_FAST_MATH = YES;
				SDKROOT = iphoneos;
				SWIFT_COMPILATION_MODE = wholemodule;
				SWIFT_OPTIMIZATION_LEVEL = "-O";
				VALIDATE_PRODUCT = YES;
			};
			name = Release;
		};
		E1EBAF4828E628670003561E /* Debug */ = {
			isa = XCBuildConfiguration;
			buildSettings = {
				ASSETCATALOG_COMPILER_APPICON_NAME = AppIcon;
				ASSETCATALOG_COMPILER_GLOBAL_ACCENT_COLOR_NAME = AccentColor;
				CODE_SIGN_STYLE = Automatic;
				CURRENT_PROJECT_VERSION = 1;
				DEVELOPMENT_TEAM = 9DV7HHTL73;
				GENERATE_INFOPLIST_FILE = YES;
				INFOPLIST_FILE = SecureTest/Info.plist;
				INFOPLIST_KEY_UIApplicationSupportsIndirectInputEvents = YES;
				INFOPLIST_KEY_UILaunchStoryboardName = LaunchScreen;
				INFOPLIST_KEY_UIMainStoryboardFile = Main;
				INFOPLIST_KEY_UISupportedInterfaceOrientations_iPad = "UIInterfaceOrientationPortrait UIInterfaceOrientationPortraitUpsideDown UIInterfaceOrientationLandscapeLeft UIInterfaceOrientationLandscapeRight";
				INFOPLIST_KEY_UISupportedInterfaceOrientations_iPhone = "UIInterfaceOrientationPortrait UIInterfaceOrientationLandscapeLeft UIInterfaceOrientationLandscapeRight";
				LD_RUNPATH_SEARCH_PATHS = (
					"$(inherited)",
					"@executable_path/Frameworks",
				);
				MARKETING_VERSION = 1.0;
				PRODUCT_BUNDLE_IDENTIFIER = link.kokoichi.SecureTest;
				PRODUCT_NAME = "$(TARGET_NAME)";
				SWIFT_EMIT_LOC_STRINGS = YES;
				SWIFT_VERSION = 5.0;
				TARGETED_DEVICE_FAMILY = "1,2";
			};
			name = Debug;
		};
		E1EBAF4928E628670003561E /* Release */ = {
			isa = XCBuildConfiguration;
			buildSettings = {
				ASSETCATALOG_COMPILER_APPICON_NAME = AppIcon;
				ASSETCATALOG_COMPILER_GLOBAL_ACCENT_COLOR_NAME = AccentColor;
				CODE_SIGN_STYLE = Automatic;
				CURRENT_PROJECT_VERSION = 1;
				DEVELOPMENT_TEAM = 9DV7HHTL73;
				GENERATE_INFOPLIST_FILE = YES;
				INFOPLIST_FILE = SecureTest/Info.plist;
				INFOPLIST_KEY_UIApplicationSupportsIndirectInputEvents = YES;
				INFOPLIST_KEY_UILaunchStoryboardName = LaunchScreen;
				INFOPLIST_KEY_UIMainStoryboardFile = Main;
				INFOPLIST_KEY_UISupportedInterfaceOrientations_iPad = "UIInterfaceOrientationPortrait UIInterfaceOrientationPortraitUpsideDown UIInterfaceOrientationLandscapeLeft UIInterfaceOrientationLandscapeRight";
				INFOPLIST_KEY_UISupportedInterfaceOrientations_iPhone = "UIInterfaceOrientationPortrait UIInterfaceOrientationLandscapeLeft UIInterfaceOrientationLandscapeRight";
				LD_RUNPATH_SEARCH_PATHS = (
					"$(inherited)",
					"@executable_path/Frameworks",
				);
				MARKETING_VERSION = 1.0;
				PRODUCT_BUNDLE_IDENTIFIER = link.kokoichi.SecureTest;
				PRODUCT_NAME = "$(TARGET_NAME)";
				SWIFT_EMIT_LOC_STRINGS = YES;
				SWIFT_VERSION = 5.0;
				TARGETED_DEVICE_FAMILY = "1,2";
			};
			name = Release;
		};
		E1EBAF4B28E628670003561E /* Debug */ = {
			isa = XCBuildConfiguration;
			buildSettings = {
				ALWAYS_EMBED_SWIFT_STANDARD_LIBRARIES = YES;
				BUNDLE_LOADER = "$(TEST_HOST)";
				CODE_SIGN_STYLE = Automatic;
				CURRENT_PROJECT_VERSION = 1;
				DEVELOPMENT_TEAM = 9DV7HHTL73;
				GENERATE_INFOPLIST_FILE = YES;
				IPHONEOS_DEPLOYMENT_TARGET = 15.5;
				MARKETING_VERSION = 1.0;
				PRODUCT_BUNDLE_IDENTIFIER = link.kokoichi.SecureTestTests;
				PRODUCT_NAME = "$(TARGET_NAME)";
				SWIFT_EMIT_LOC_STRINGS = NO;
				SWIFT_VERSION = 5.0;
				TARGETED_DEVICE_FAMILY = "1,2";
				TEST_HOST = "$(BUILT_PRODUCTS_DIR)/SecureTest.app/SecureTest";
			};
			name = Debug;
		};
		E1EBAF4C28E628670003561E /* Release */ = {
			isa = XCBuildConfiguration;
			buildSettings = {
				ALWAYS_EMBED_SWIFT_STANDARD_LIBRARIES = YES;
				BUNDLE_LOADER = "$(TEST_HOST)";
				CODE_SIGN_STYLE = Automatic;
				CURRENT_PROJECT_VERSION = 1;
				DEVELOPMENT_TEAM = 9DV7HHTL73;
				GENERATE_INFOPLIST_FILE = YES;
				IPHONEOS_DEPLOYMENT_TARGET = 15.5;
				MARKETING_VERSION = 1.0;
				PRODUCT_BUNDLE_IDENTIFIER = link.kokoichi.SecureTestTests;
				PRODUCT_NAME = "$(TARGET_NAME)";
				SWIFT_EMIT_LOC_STRINGS = NO;
				SWIFT_VERSION = 5.0;
				TARGETED_DEVICE_FAMILY = "1,2";
				TEST_HOST = "$(BUILT_PRODUCTS_DIR)/SecureTest.app/SecureTest";
			};
			name = Release;
		};
		E1EBAF4E28E628670003561E /* Debug */ = {
			isa = XCBuildConfiguration;
			buildSettings = {
				ALWAYS_EMBED_SWIFT_STANDARD_LIBRARIES = YES;
				CODE_SIGN_STYLE = Automatic;
				CURRENT_PROJECT_VERSION = 1;
				DEVELOPMENT_TEAM = 9DV7HHTL73;
				GENERATE_INFOPLIST_FILE = YES;
				MARKETING_VERSION = 1.0;
				PRODUCT_BUNDLE_IDENTIFIER = link.kokoichi.SecureTestUITests;
				PRODUCT_NAME = "$(TARGET_NAME)";
				SWIFT_EMIT_LOC_STRINGS = NO;
				SWIFT_VERSION = 5.0;
				TARGETED_DEVICE_FAMILY = "1,2";
				TEST_TARGET_NAME = SecureTest;
			};
			name = Debug;
		};
		E1EBAF4F28E628670003561E /* Release */ = {
			isa = XCBuildConfiguration;
			buildSettings = {
				ALWAYS_EMBED_SWIFT_STANDARD_LIBRARIES = YES;
				CODE_SIGN_STYLE = Automatic;
				CURRENT_PROJECT_VERSION = 1;
				DEVELOPMENT_TEAM = 9DV7HHTL73;
				GENERATE_INFOPLIST_FILE = YES;
				MARKETING_VERSION = 1.0;
				PRODUCT_BUNDLE_IDENTIFIER = link.kokoichi.SecureTestUITests;
				PRODUCT_NAME = "$(TARGET_NAME)";
				SWIFT_EMIT_LOC_STRINGS = NO;
				SWIFT_VERSION = 5.0;
				TARGETED_DEVICE_FAMILY = "1,2";
				TEST_TARGET_NAME = SecureTest;
			};
			name = Release;
		};
/* End XCBuildConfiguration section */

/* Begin XCConfigurationList section */
		E1EBAF1828E628660003561E /* Build configuration list for PBXProject "SecureTest" */ = {
			isa = XCConfigurationList;
			buildConfigurations = (
				E1EBAF4528E628670003561E /* Debug */,
				E1EBAF4628E628670003561E /* Release */,
			);
			defaultConfigurationIsVisible = 0;
			defaultConfigurationName = Release;
		};
		E1EBAF4728E628670003561E /* Build configuration list for PBXNativeTarget "SecureTest" */ = {
			isa = XCConfigurationList;
			buildConfigurations = (
				E1EBAF4828E628670003561E /* Debug */,
				E1EBAF4928E628670003561E /* Release */,
			);
			defaultConfigurationIsVisible = 0;
			defaultConfigurationName = Release;
		};
		E1EBAF4A28E628670003561E /* Build configuration list for PBXNativeTarget "SecureTestTests" */ = {
			isa = XCConfigurationList;
			buildConfigurations = (
				E1EBAF4B28E628670003561E /* Debug */,
				E1EBAF4C28E628670003561E /* Release */,
			);
			defaultConfigurationIsVisible = 0;
			defaultConfigurationName = Release;
		};
		E1EBAF4D28E628670003561E /* Build configuration list for PBXNativeTarget "SecureTestUITests" */ = {
			isa = XCConfigurationList;
			buildConfigurations = (
				E1EBAF4E28E628670003561E /* Debug */,
				E1EBAF4F28E628670003561E /* Release */,
			);
			defaultConfigurationIsVisible = 0;
			defaultConfigurationName = Release;
		};
/* End XCConfigurationList section */
	};
	rootObject = E1EBAF1528E628660003561E /* Project object */;
}
