// !$*UTF8*$!
{
	archiveVersion = 1;
	classes = {
	};
	objectVersion = 55;
	objects = {

/* Begin PBXBuildFile section */
		E134E0EB27F5D9560014B369 /* Tests_iOS.swift in Sources */ = {isa = PBXBuildFile; fileRef = E134E0EA27F5D9560014B369 /* Tests_iOS.swift */; };
		E134E0ED27F5D9560014B369 /* Tests_iOSLaunchTests.swift in Sources */ = {isa = PBXBuildFile; fileRef = E134E0EC27F5D9560014B369 /* Tests_iOSLaunchTests.swift */; };
		E134E0F727F5D9560014B369 /* Tests_macOS.swift in Sources */ = {isa = PBXBuildFile; fileRef = E134E0F627F5D9560014B369 /* Tests_macOS.swift */; };
		E134E0F927F5D9560014B369 /* Tests_macOSLaunchTests.swift in Sources */ = {isa = PBXBuildFile; fileRef = E134E0F827F5D9560014B369 /* Tests_macOSLaunchTests.swift */; };
		E134E0FA27F5D9560014B369 /* GraphicsApp.swift in Sources */ = {isa = PBXBuildFile; fileRef = E134E0D227F5D9540014B369 /* GraphicsApp.swift */; };
		E134E0FB27F5D9560014B369 /* GraphicsApp.swift in Sources */ = {isa = PBXBuildFile; fileRef = E134E0D227F5D9540014B369 /* GraphicsApp.swift */; };
		E134E0FC27F5D9560014B369 /* ContentView.swift in Sources */ = {isa = PBXBuildFile; fileRef = E134E0D327F5D9540014B369 /* ContentView.swift */; };
		E134E0FD27F5D9560014B369 /* ContentView.swift in Sources */ = {isa = PBXBuildFile; fileRef = E134E0D327F5D9540014B369 /* ContentView.swift */; };
		E134E0FE27F5D9560014B369 /* Assets.xcassets in Resources */ = {isa = PBXBuildFile; fileRef = E134E0D427F5D9560014B369 /* Assets.xcassets */; };
		E134E0FF27F5D9560014B369 /* Assets.xcassets in Resources */ = {isa = PBXBuildFile; fileRef = E134E0D427F5D9560014B369 /* Assets.xcassets */; };
/* End PBXBuildFile section */

/* Begin PBXContainerItemProxy section */
		E134E0E727F5D9560014B369 /* PBXContainerItemProxy */ = {
			isa = PBXContainerItemProxy;
			containerPortal = E134E0CD27F5D9530014B369 /* Project object */;
			proxyType = 1;
			remoteGlobalIDString = E134E0D827F5D9560014B369;
			remoteInfo = "Graphics (iOS)";
		};
		E134E0F327F5D9560014B369 /* PBXContainerItemProxy */ = {
			isa = PBXContainerItemProxy;
			containerPortal = E134E0CD27F5D9530014B369 /* Project object */;
			proxyType = 1;
			remoteGlobalIDString = E134E0DE27F5D9560014B369;
			remoteInfo = "Graphics (macOS)";
		};
/* End PBXContainerItemProxy section */

/* Begin PBXFileReference section */
		E134E0D227F5D9540014B369 /* GraphicsApp.swift */ = {isa = PBXFileReference; lastKnownFileType = sourcecode.swift; path = GraphicsApp.swift; sourceTree = "<group>"; };
		E134E0D327F5D9540014B369 /* ContentView.swift */ = {isa = PBXFileReference; lastKnownFileType = sourcecode.swift; path = ContentView.swift; sourceTree = "<group>"; };
		E134E0D427F5D9560014B369 /* Assets.xcassets */ = {isa = PBXFileReference; lastKnownFileType = folder.assetcatalog; path = Assets.xcassets; sourceTree = "<group>"; };
		E134E0D927F5D9560014B369 /* Graphics.app */ = {isa = PBXFileReference; explicitFileType = wrapper.application; includeInIndex = 0; path = Graphics.app; sourceTree = BUILT_PRODUCTS_DIR; };
		E134E0DF27F5D9560014B369 /* Graphics.app */ = {isa = PBXFileReference; explicitFileType = wrapper.application; includeInIndex = 0; path = Graphics.app; sourceTree = BUILT_PRODUCTS_DIR; };
		E134E0E127F5D9560014B369 /* macOS.entitlements */ = {isa = PBXFileReference; lastKnownFileType = text.plist.entitlements; path = macOS.entitlements; sourceTree = "<group>"; };
		E134E0E627F5D9560014B369 /* Tests iOS.xctest */ = {isa = PBXFileReference; explicitFileType = wrapper.cfbundle; includeInIndex = 0; path = "Tests iOS.xctest"; sourceTree = BUILT_PRODUCTS_DIR; };
		E134E0EA27F5D9560014B369 /* Tests_iOS.swift */ = {isa = PBXFileReference; lastKnownFileType = sourcecode.swift; path = Tests_iOS.swift; sourceTree = "<group>"; };
		E134E0EC27F5D9560014B369 /* Tests_iOSLaunchTests.swift */ = {isa = PBXFileReference; lastKnownFileType = sourcecode.swift; path = Tests_iOSLaunchTests.swift; sourceTree = "<group>"; };
		E134E0F227F5D9560014B369 /* Tests macOS.xctest */ = {isa = PBXFileReference; explicitFileType = wrapper.cfbundle; includeInIndex = 0; path = "Tests macOS.xctest"; sourceTree = BUILT_PRODUCTS_DIR; };
		E134E0F627F5D9560014B369 /* Tests_macOS.swift */ = {isa = PBXFileReference; lastKnownFileType = sourcecode.swift; path = Tests_macOS.swift; sourceTree = "<group>"; };
		E134E0F827F5D9560014B369 /* Tests_macOSLaunchTests.swift */ = {isa = PBXFileReference; lastKnownFileType = sourcecode.swift; path = Tests_macOSLaunchTests.swift; sourceTree = "<group>"; };
/* End PBXFileReference section */

/* Begin PBXFrameworksBuildPhase section */
		E134E0D627F5D9560014B369 /* Frameworks */ = {
			isa = PBXFrameworksBuildPhase;
			buildActionMask = 2147483647;
			files = (
			);
			runOnlyForDeploymentPostprocessing = 0;
		};
		E134E0DC27F5D9560014B369 /* Frameworks */ = {
			isa = PBXFrameworksBuildPhase;
			buildActionMask = 2147483647;
			files = (
			);
			runOnlyForDeploymentPostprocessing = 0;
		};
		E134E0E327F5D9560014B369 /* Frameworks */ = {
			isa = PBXFrameworksBuildPhase;
			buildActionMask = 2147483647;
			files = (
			);
			runOnlyForDeploymentPostprocessing = 0;
		};
		E134E0EF27F5D9560014B369 /* Frameworks */ = {
			isa = PBXFrameworksBuildPhase;
			buildActionMask = 2147483647;
			files = (
			);
			runOnlyForDeploymentPostprocessing = 0;
		};
/* End PBXFrameworksBuildPhase section */

/* Begin PBXGroup section */
		E134E0CC27F5D9530014B369 = {
			isa = PBXGroup;
			children = (
				E134E0D127F5D9540014B369 /* Shared */,
				E134E0E027F5D9560014B369 /* macOS */,
				E134E0E927F5D9560014B369 /* Tests iOS */,
				E134E0F527F5D9560014B369 /* Tests macOS */,
				E134E0DA27F5D9560014B369 /* Products */,
			);
			sourceTree = "<group>";
		};
		E134E0D127F5D9540014B369 /* Shared */ = {
			isa = PBXGroup;
			children = (
				E134E0D227F5D9540014B369 /* GraphicsApp.swift */,
				E134E0D327F5D9540014B369 /* ContentView.swift */,
				E134E0D427F5D9560014B369 /* Assets.xcassets */,
			);
			path = Shared;
			sourceTree = "<group>";
		};
		E134E0DA27F5D9560014B369 /* Products */ = {
			isa = PBXGroup;
			children = (
				E134E0D927F5D9560014B369 /* Graphics.app */,
				E134E0DF27F5D9560014B369 /* Graphics.app */,
				E134E0E627F5D9560014B369 /* Tests iOS.xctest */,
				E134E0F227F5D9560014B369 /* Tests macOS.xctest */,
			);
			name = Products;
			sourceTree = "<group>";
		};
		E134E0E027F5D9560014B369 /* macOS */ = {
			isa = PBXGroup;
			children = (
				E134E0E127F5D9560014B369 /* macOS.entitlements */,
			);
			path = macOS;
			sourceTree = "<group>";
		};
		E134E0E927F5D9560014B369 /* Tests iOS */ = {
			isa = PBXGroup;
			children = (
				E134E0EA27F5D9560014B369 /* Tests_iOS.swift */,
				E134E0EC27F5D9560014B369 /* Tests_iOSLaunchTests.swift */,
			);
			path = "Tests iOS";
			sourceTree = "<group>";
		};
		E134E0F527F5D9560014B369 /* Tests macOS */ = {
			isa = PBXGroup;
			children = (
				E134E0F627F5D9560014B369 /* Tests_macOS.swift */,
				E134E0F827F5D9560014B369 /* Tests_macOSLaunchTests.swift */,
			);
			path = "Tests macOS";
			sourceTree = "<group>";
		};
/* End PBXGroup section */

/* Begin PBXNativeTarget section */
		E134E0D827F5D9560014B369 /* Graphics (iOS) */ = {
			isa = PBXNativeTarget;
			buildConfigurationList = E134E10227F5D9560014B369 /* Build configuration list for PBXNativeTarget "Graphics (iOS)" */;
			buildPhases = (
				E134E0D527F5D9560014B369 /* Sources */,
				E134E0D627F5D9560014B369 /* Frameworks */,
				E134E0D727F5D9560014B369 /* Resources */,
			);
			buildRules = (
			);
			dependencies = (
			);
			name = "Graphics (iOS)";
			productName = "Graphics (iOS)";
			productReference = E134E0D927F5D9560014B369 /* Graphics.app */;
			productType = "com.apple.product-type.application";
		};
		E134E0DE27F5D9560014B369 /* Graphics (macOS) */ = {
			isa = PBXNativeTarget;
			buildConfigurationList = E134E10527F5D9560014B369 /* Build configuration list for PBXNativeTarget "Graphics (macOS)" */;
			buildPhases = (
				E134E0DB27F5D9560014B369 /* Sources */,
				E134E0DC27F5D9560014B369 /* Frameworks */,
				E134E0DD27F5D9560014B369 /* Resources */,
			);
			buildRules = (
			);
			dependencies = (
			);
			name = "Graphics (macOS)";
			productName = "Graphics (macOS)";
			productReference = E134E0DF27F5D9560014B369 /* Graphics.app */;
			productType = "com.apple.product-type.application";
		};
		E134E0E527F5D9560014B369 /* Tests iOS */ = {
			isa = PBXNativeTarget;
			buildConfigurationList = E134E10827F5D9560014B369 /* Build configuration list for PBXNativeTarget "Tests iOS" */;
			buildPhases = (
				E134E0E227F5D9560014B369 /* Sources */,
				E134E0E327F5D9560014B369 /* Frameworks */,
				E134E0E427F5D9560014B369 /* Resources */,
			);
			buildRules = (
			);
			dependencies = (
				E134E0E827F5D9560014B369 /* PBXTargetDependency */,
			);
			name = "Tests iOS";
			productName = "Tests iOS";
			productReference = E134E0E627F5D9560014B369 /* Tests iOS.xctest */;
			productType = "com.apple.product-type.bundle.ui-testing";
		};
		E134E0F127F5D9560014B369 /* Tests macOS */ = {
			isa = PBXNativeTarget;
			buildConfigurationList = E134E10B27F5D9560014B369 /* Build configuration list for PBXNativeTarget "Tests macOS" */;
			buildPhases = (
				E134E0EE27F5D9560014B369 /* Sources */,
				E134E0EF27F5D9560014B369 /* Frameworks */,
				E134E0F027F5D9560014B369 /* Resources */,
			);
			buildRules = (
			);
			dependencies = (
				E134E0F427F5D9560014B369 /* PBXTargetDependency */,
			);
			name = "Tests macOS";
			productName = "Tests macOS";
			productReference = E134E0F227F5D9560014B369 /* Tests macOS.xctest */;
			productType = "com.apple.product-type.bundle.ui-testing";
		};
/* End PBXNativeTarget section */

/* Begin PBXProject section */
		E134E0CD27F5D9530014B369 /* Project object */ = {
			isa = PBXProject;
			attributes = {
				BuildIndependentTargetsInParallel = 1;
				LastSwiftUpdateCheck = 1320;
				LastUpgradeCheck = 1320;
				TargetAttributes = {
					E134E0D827F5D9560014B369 = {
						CreatedOnToolsVersion = 13.2.1;
					};
					E134E0DE27F5D9560014B369 = {
						CreatedOnToolsVersion = 13.2.1;
					};
					E134E0E527F5D9560014B369 = {
						CreatedOnToolsVersion = 13.2.1;
						TestTargetID = E134E0D827F5D9560014B369;
					};
					E134E0F127F5D9560014B369 = {
						CreatedOnToolsVersion = 13.2.1;
						TestTargetID = E134E0DE27F5D9560014B369;
					};
				};
			};
			buildConfigurationList = E134E0D027F5D9530014B369 /* Build configuration list for PBXProject "Graphics" */;
			compatibilityVersion = "Xcode 13.0";
			developmentRegion = en;
			hasScannedForEncodings = 0;
			knownRegions = (
				en,
				Base,
			);
			mainGroup = E134E0CC27F5D9530014B369;
			productRefGroup = E134E0DA27F5D9560014B369 /* Products */;
			projectDirPath = "";
			projectRoot = "";
			targets = (
				E134E0D827F5D9560014B369 /* Graphics (iOS) */,
				E134E0DE27F5D9560014B369 /* Graphics (macOS) */,
				E134E0E527F5D9560014B369 /* Tests iOS */,
				E134E0F127F5D9560014B369 /* Tests macOS */,
			);
		};
/* End PBXProject section */

/* Begin PBXResourcesBuildPhase section */
		E134E0D727F5D9560014B369 /* Resources */ = {
			isa = PBXResourcesBuildPhase;
			buildActionMask = 2147483647;
			files = (
				E134E0FE27F5D9560014B369 /* Assets.xcassets in Resources */,
			);
			runOnlyForDeploymentPostprocessing = 0;
		};
		E134E0DD27F5D9560014B369 /* Resources */ = {
			isa = PBXResourcesBuildPhase;
			buildActionMask = 2147483647;
			files = (
				E134E0FF27F5D9560014B369 /* Assets.xcassets in Resources */,
			);
			runOnlyForDeploymentPostprocessing = 0;
		};
		E134E0E427F5D9560014B369 /* Resources */ = {
			isa = PBXResourcesBuildPhase;
			buildActionMask = 2147483647;
			files = (
			);
			runOnlyForDeploymentPostprocessing = 0;
		};
		E134E0F027F5D9560014B369 /* Resources */ = {
			isa = PBXResourcesBuildPhase;
			buildActionMask = 2147483647;
			files = (
			);
			runOnlyForDeploymentPostprocessing = 0;
		};
/* End PBXResourcesBuildPhase section */

/* Begin PBXSourcesBuildPhase section */
		E134E0D527F5D9560014B369 /* Sources */ = {
			isa = PBXSourcesBuildPhase;
			buildActionMask = 2147483647;
			files = (
				E134E0FC27F5D9560014B369 /* ContentView.swift in Sources */,
				E134E0FA27F5D9560014B369 /* GraphicsApp.swift in Sources */,
			);
			runOnlyForDeploymentPostprocessing = 0;
		};
		E134E0DB27F5D9560014B369 /* Sources */ = {
			isa = PBXSourcesBuildPhase;
			buildActionMask = 2147483647;
			files = (
				E134E0FD27F5D9560014B369 /* ContentView.swift in Sources */,
				E134E0FB27F5D9560014B369 /* GraphicsApp.swift in Sources */,
			);
			runOnlyForDeploymentPostprocessing = 0;
		};
		E134E0E227F5D9560014B369 /* Sources */ = {
			isa = PBXSourcesBuildPhase;
			buildActionMask = 2147483647;
			files = (
				E134E0ED27F5D9560014B369 /* Tests_iOSLaunchTests.swift in Sources */,
				E134E0EB27F5D9560014B369 /* Tests_iOS.swift in Sources */,
			);
			runOnlyForDeploymentPostprocessing = 0;
		};
		E134E0EE27F5D9560014B369 /* Sources */ = {
			isa = PBXSourcesBuildPhase;
			buildActionMask = 2147483647;
			files = (
				E134E0F927F5D9560014B369 /* Tests_macOSLaunchTests.swift in Sources */,
				E134E0F727F5D9560014B369 /* Tests_macOS.swift in Sources */,
			);
			runOnlyForDeploymentPostprocessing = 0;
		};
/* End PBXSourcesBuildPhase section */

/* Begin PBXTargetDependency section */
		E134E0E827F5D9560014B369 /* PBXTargetDependency */ = {
			isa = PBXTargetDependency;
			target = E134E0D827F5D9560014B369 /* Graphics (iOS) */;
			targetProxy = E134E0E727F5D9560014B369 /* PBXContainerItemProxy */;
		};
		E134E0F427F5D9560014B369 /* PBXTargetDependency */ = {
			isa = PBXTargetDependency;
			target = E134E0DE27F5D9560014B369 /* Graphics (macOS) */;
			targetProxy = E134E0F327F5D9560014B369 /* PBXContainerItemProxy */;
		};
/* End PBXTargetDependency section */

/* Begin XCBuildConfiguration section */
		E134E10027F5D9560014B369 /* Debug */ = {
			isa = XCBuildConfiguration;
			buildSettings = {
				ALWAYS_SEARCH_USER_PATHS = NO;
				CLANG_ANALYZER_NONNULL = YES;
				CLANG_ANALYZER_NUMBER_OBJECT_CONVERSION = YES_AGGRESSIVE;
				CLANG_CXX_LANGUAGE_STANDARD = "gnu++17";
				CLANG_CXX_LIBRARY = "libc++";
				CLANG_ENABLE_MODULES = YES;
				CLANG_ENABLE_OBJC_ARC = YES;
				CLANG_ENABLE_OBJC_WEAK = YES;
				CLANG_WARN_BLOCK_CAPTURE_AUTORELEASING = YES;
				CLANG_WARN_BOOL_CONVERSION = YES;
				CLANG_WARN_COMMA = YES;
				CLANG_WARN_CONSTANT_CONVERSION = YES;
				CLANG_WARN_DEPRECATED_OBJC_IMPLEMENTATIONS = YES;
				CLANG_WARN_DIRECT_OBJC_ISA_USAGE = YES_ERROR;
				CLANG_WARN_DOCUMENTATION_COMMENTS = YES;
				CLANG_WARN_EMPTY_BODY = YES;
				CLANG_WARN_ENUM_CONVERSION = YES;
				CLANG_WARN_INFINITE_RECURSION = YES;
				CLANG_WARN_INT_CONVERSION = YES;
				CLANG_WARN_NON_LITERAL_NULL_CONVERSION = YES;
				CLANG_WARN_OBJC_IMPLICIT_RETAIN_SELF = YES;
				CLANG_WARN_OBJC_LITERAL_CONVERSION = YES;
				CLANG_WARN_OBJC_ROOT_CLASS = YES_ERROR;
				CLANG_WARN_QUOTED_INCLUDE_IN_FRAMEWORK_HEADER = YES;
				CLANG_WARN_RANGE_LOOP_ANALYSIS = YES;
				CLANG_WARN_STRICT_PROTOTYPES = YES;
				CLANG_WARN_SUSPICIOUS_MOVE = YES;
				CLANG_WARN_UNGUARDED_AVAILABILITY = YES_AGGRESSIVE;
				CLANG_WARN_UNREACHABLE_CODE = YES;
				CLANG_WARN__DUPLICATE_METHOD_MATCH = YES;
				COPY_PHASE_STRIP = NO;
				DEBUG_INFORMATION_FORMAT = dwarf;
				ENABLE_STRICT_OBJC_MSGSEND = YES;
				ENABLE_TESTABILITY = YES;
				GCC_C_LANGUAGE_STANDARD = gnu11;
				GCC_DYNAMIC_NO_PIC = NO;
				GCC_NO_COMMON_BLOCKS = YES;
				GCC_OPTIMIZATION_LEVEL = 0;
				GCC_PREPROCESSOR_DEFINITIONS = (
					"DEBUG=1",
					"$(inherited)",
				);
				GCC_WARN_64_TO_32_BIT_CONVERSION = YES;
				GCC_WARN_ABOUT_RETURN_TYPE = YES_ERROR;
				GCC_WARN_UNDECLARED_SELECTOR = YES;
				GCC_WARN_UNINITIALIZED_AUTOS = YES_AGGRESSIVE;
				GCC_WARN_UNUSED_FUNCTION = YES;
				GCC_WARN_UNUSED_VARIABLE = YES;
				MTL_ENABLE_DEBUG_INFO = INCLUDE_SOURCE;
				MTL_FAST_MATH = YES;
				ONLY_ACTIVE_ARCH = YES;
				SWIFT_ACTIVE_COMPILATION_CONDITIONS = DEBUG;
				SWIFT_OPTIMIZATION_LEVEL = "-Onone";
			};
			name = Debug;
		};
		E134E10127F5D9560014B369 /* Release */ = {
			isa = XCBuildConfiguration;
			buildSettings = {
				ALWAYS_SEARCH_USER_PATHS = NO;
				CLANG_ANALYZER_NONNULL = YES;
				CLANG_ANALYZER_NUMBER_OBJECT_CONVERSION = YES_AGGRESSIVE;
				CLANG_CXX_LANGUAGE_STANDARD = "gnu++17";
				CLANG_CXX_LIBRARY = "libc++";
				CLANG_ENABLE_MODULES = YES;
				CLANG_ENABLE_OBJC_ARC = YES;
				CLANG_ENABLE_OBJC_WEAK = YES;
				CLANG_WARN_BLOCK_CAPTURE_AUTORELEASING = YES;
				CLANG_WARN_BOOL_CONVERSION = YES;
				CLANG_WARN_COMMA = YES;
				CLANG_WARN_CONSTANT_CONVERSION = YES;
				CLANG_WARN_DEPRECATED_OBJC_IMPLEMENTATIONS = YES;
				CLANG_WARN_DIRECT_OBJC_ISA_USAGE = YES_ERROR;
				CLANG_WARN_DOCUMENTATION_COMMENTS = YES;
				CLANG_WARN_EMPTY_BODY = YES;
				CLANG_WARN_ENUM_CONVERSION = YES;
				CLANG_WARN_INFINITE_RECURSION = YES;
				CLANG_WARN_INT_CONVERSION = YES;
				CLANG_WARN_NON_LITERAL_NULL_CONVERSION = YES;
				CLANG_WARN_OBJC_IMPLICIT_RETAIN_SELF = YES;
				CLANG_WARN_OBJC_LITERAL_CONVERSION = YES;
				CLANG_WARN_OBJC_ROOT_CLASS = YES_ERROR;
				CLANG_WARN_QUOTED_INCLUDE_IN_FRAMEWORK_HEADER = YES;
				CLANG_WARN_RANGE_LOOP_ANALYSIS = YES;
				CLANG_WARN_STRICT_PROTOTYPES = YES;
				CLANG_WARN_SUSPICIOUS_MOVE = YES;
				CLANG_WARN_UNGUARDED_AVAILABILITY = YES_AGGRESSIVE;
				CLANG_WARN_UNREACHABLE_CODE = YES;
				CLANG_WARN__DUPLICATE_METHOD_MATCH = YES;
				COPY_PHASE_STRIP = NO;
				DEBUG_INFORMATION_FORMAT = "dwarf-with-dsym";
				ENABLE_NS_ASSERTIONS = NO;
				ENABLE_STRICT_OBJC_MSGSEND = YES;
				GCC_C_LANGUAGE_STANDARD = gnu11;
				GCC_NO_COMMON_BLOCKS = YES;
				GCC_WARN_64_TO_32_BIT_CONVERSION = YES;
				GCC_WARN_ABOUT_RETURN_TYPE = YES_ERROR;
				GCC_WARN_UNDECLARED_SELECTOR = YES;
				GCC_WARN_UNINITIALIZED_AUTOS = YES_AGGRESSIVE;
				GCC_WARN_UNUSED_FUNCTION = YES;
				GCC_WARN_UNUSED_VARIABLE = YES;
				MTL_ENABLE_DEBUG_INFO = NO;
				MTL_FAST_MATH = YES;
				SWIFT_COMPILATION_MODE = wholemodule;
				SWIFT_OPTIMIZATION_LEVEL = "-O";
			};
			name = Release;
		};
		E134E10327F5D9560014B369 /* Debug */ = {
			isa = XCBuildConfiguration;
			buildSettings = {
				ASSETCATALOG_COMPILER_APPICON_NAME = AppIcon;
				ASSETCATALOG_COMPILER_GLOBAL_ACCENT_COLOR_NAME = AccentColor;
				CODE_SIGN_STYLE = Automatic;
				CURRENT_PROJECT_VERSION = 1;
				DEVELOPMENT_TEAM = 9DV7HHTL73;
				ENABLE_PREVIEWS = YES;
				GENERATE_INFOPLIST_FILE = YES;
				INFOPLIST_KEY_UIApplicationSceneManifest_Generation = YES;
				INFOPLIST_KEY_UIApplicationSupportsIndirectInputEvents = YES;
				INFOPLIST_KEY_UILaunchScreen_Generation = YES;
				INFOPLIST_KEY_UISupportedInterfaceOrientations_iPad = "UIInterfaceOrientationPortrait UIInterfaceOrientationPortraitUpsideDown UIInterfaceOrientationLandscapeLeft UIInterfaceOrientationLandscapeRight";
				INFOPLIST_KEY_UISupportedInterfaceOrientations_iPhone = "UIInterfaceOrientationPortrait UIInterfaceOrientationLandscapeLeft UIInterfaceOrientationLandscapeRight";
				IPHONEOS_DEPLOYMENT_TARGET = 15.2;
				LD_RUNPATH_SEARCH_PATHS = (
					"$(inherited)",
					"@executable_path/Frameworks",
				);
				MARKETING_VERSION = 1.0;
				PRODUCT_BUNDLE_IDENTIFIER = jp.mydns.kokoichi0206.prac.Graphics;
				PRODUCT_NAME = Graphics;
				SDKROOT = iphoneos;
				SWIFT_EMIT_LOC_STRINGS = YES;
				SWIFT_VERSION = 5.0;
				TARGETED_DEVICE_FAMILY = "1,2";
			};
			name = Debug;
		};
		E134E10427F5D9560014B369 /* Release */ = {
			isa = XCBuildConfiguration;
			buildSettings = {
				ASSETCATALOG_COMPILER_APPICON_NAME = AppIcon;
				ASSETCATALOG_COMPILER_GLOBAL_ACCENT_COLOR_NAME = AccentColor;
				CODE_SIGN_STYLE = Automatic;
				CURRENT_PROJECT_VERSION = 1;
				DEVELOPMENT_TEAM = 9DV7HHTL73;
				ENABLE_PREVIEWS = YES;
				GENERATE_INFOPLIST_FILE = YES;
				INFOPLIST_KEY_UIApplicationSceneManifest_Generation = YES;
				INFOPLIST_KEY_UIApplicationSupportsIndirectInputEvents = YES;
				INFOPLIST_KEY_UILaunchScreen_Generation = YES;
				INFOPLIST_KEY_UISupportedInterfaceOrientations_iPad = "UIInterfaceOrientationPortrait UIInterfaceOrientationPortraitUpsideDown UIInterfaceOrientationLandscapeLeft UIInterfaceOrientationLandscapeRight";
				INFOPLIST_KEY_UISupportedInterfaceOrientations_iPhone = "UIInterfaceOrientationPortrait UIInterfaceOrientationLandscapeLeft UIInterfaceOrientationLandscapeRight";
				IPHONEOS_DEPLOYMENT_TARGET = 15.2;
				LD_RUNPATH_SEARCH_PATHS = (
					"$(inherited)",
					"@executable_path/Frameworks",
				);
				MARKETING_VERSION = 1.0;
				PRODUCT_BUNDLE_IDENTIFIER = jp.mydns.kokoichi0206.prac.Graphics;
				PRODUCT_NAME = Graphics;
				SDKROOT = iphoneos;
				SWIFT_EMIT_LOC_STRINGS = YES;
				SWIFT_VERSION = 5.0;
				TARGETED_DEVICE_FAMILY = "1,2";
				VALIDATE_PRODUCT = YES;
			};
			name = Release;
		};
		E134E10627F5D9560014B369 /* Debug */ = {
			isa = XCBuildConfiguration;
			buildSettings = {
				ASSETCATALOG_COMPILER_APPICON_NAME = AppIcon;
				ASSETCATALOG_COMPILER_GLOBAL_ACCENT_COLOR_NAME = AccentColor;
				CODE_SIGN_ENTITLEMENTS = macOS/macOS.entitlements;
				CODE_SIGN_STYLE = Automatic;
				COMBINE_HIDPI_IMAGES = YES;
				CURRENT_PROJECT_VERSION = 1;
				DEVELOPMENT_TEAM = 9DV7HHTL73;
				ENABLE_HARDENED_RUNTIME = YES;
				ENABLE_PREVIEWS = YES;
				GENERATE_INFOPLIST_FILE = YES;
				INFOPLIST_KEY_NSHumanReadableCopyright = "";
				LD_RUNPATH_SEARCH_PATHS = (
					"$(inherited)",
					"@executable_path/../Frameworks",
				);
				MACOSX_DEPLOYMENT_TARGET = 12.1;
				MARKETING_VERSION = 1.0;
				PRODUCT_BUNDLE_IDENTIFIER = jp.mydns.kokoichi0206.prac.Graphics;
				PRODUCT_NAME = Graphics;
				SDKROOT = macosx;
				SWIFT_EMIT_LOC_STRINGS = YES;
				SWIFT_VERSION = 5.0;
			};
			name = Debug;
		};
		E134E10727F5D9560014B369 /* Release */ = {
			isa = XCBuildConfiguration;
			buildSettings = {
				ASSETCATALOG_COMPILER_APPICON_NAME = AppIcon;
				ASSETCATALOG_COMPILER_GLOBAL_ACCENT_COLOR_NAME = AccentColor;
				CODE_SIGN_ENTITLEMENTS = macOS/macOS.entitlements;
				CODE_SIGN_STYLE = Automatic;
				COMBINE_HIDPI_IMAGES = YES;
				CURRENT_PROJECT_VERSION = 1;
				DEVELOPMENT_TEAM = 9DV7HHTL73;
				ENABLE_HARDENED_RUNTIME = YES;
				ENABLE_PREVIEWS = YES;
				GENERATE_INFOPLIST_FILE = YES;
				INFOPLIST_KEY_NSHumanReadableCopyright = "";
				LD_RUNPATH_SEARCH_PATHS = (
					"$(inherited)",
					"@executable_path/../Frameworks",
				);
				MACOSX_DEPLOYMENT_TARGET = 12.1;
				MARKETING_VERSION = 1.0;
				PRODUCT_BUNDLE_IDENTIFIER = jp.mydns.kokoichi0206.prac.Graphics;
				PRODUCT_NAME = Graphics;
				SDKROOT = macosx;
				SWIFT_EMIT_LOC_STRINGS = YES;
				SWIFT_VERSION = 5.0;
			};
			name = Release;
		};
		E134E10927F5D9560014B369 /* Debug */ = {
			isa = XCBuildConfiguration;
			buildSettings = {
				ALWAYS_EMBED_SWIFT_STANDARD_LIBRARIES = YES;
				CODE_SIGN_STYLE = Automatic;
				CURRENT_PROJECT_VERSION = 1;
				DEVELOPMENT_TEAM = 9DV7HHTL73;
				GENERATE_INFOPLIST_FILE = YES;
				IPHONEOS_DEPLOYMENT_TARGET = 15.2;
				MARKETING_VERSION = 1.0;
				PRODUCT_BUNDLE_IDENTIFIER = "jp.mydns.kokoichi0206.prac.Tests-iOS";
				PRODUCT_NAME = "$(TARGET_NAME)";
				SDKROOT = iphoneos;
				SWIFT_EMIT_LOC_STRINGS = NO;
				SWIFT_VERSION = 5.0;
				TARGETED_DEVICE_FAMILY = "1,2";
				TEST_TARGET_NAME = "Graphics (iOS)";
			};
			name = Debug;
		};
		E134E10A27F5D9560014B369 /* Release */ = {
			isa = XCBuildConfiguration;
			buildSettings = {
				ALWAYS_EMBED_SWIFT_STANDARD_LIBRARIES = YES;
				CODE_SIGN_STYLE = Automatic;
				CURRENT_PROJECT_VERSION = 1;
				DEVELOPMENT_TEAM = 9DV7HHTL73;
				GENERATE_INFOPLIST_FILE = YES;
				IPHONEOS_DEPLOYMENT_TARGET = 15.2;
				MARKETING_VERSION = 1.0;
				PRODUCT_BUNDLE_IDENTIFIER = "jp.mydns.kokoichi0206.prac.Tests-iOS";
				PRODUCT_NAME = "$(TARGET_NAME)";
				SDKROOT = iphoneos;
				SWIFT_EMIT_LOC_STRINGS = NO;
				SWIFT_VERSION = 5.0;
				TARGETED_DEVICE_FAMILY = "1,2";
				TEST_TARGET_NAME = "Graphics (iOS)";
				VALIDATE_PRODUCT = YES;
			};
			name = Release;
		};
		E134E10C27F5D9560014B369 /* Debug */ = {
			isa = XCBuildConfiguration;
			buildSettings = {
				ALWAYS_EMBED_SWIFT_STANDARD_LIBRARIES = YES;
				CODE_SIGN_STYLE = Automatic;
				CURRENT_PROJECT_VERSION = 1;
				DEVELOPMENT_TEAM = 9DV7HHTL73;
				GENERATE_INFOPLIST_FILE = YES;
				MACOSX_DEPLOYMENT_TARGET = 12.1;
				MARKETING_VERSION = 1.0;
				PRODUCT_BUNDLE_IDENTIFIER = "jp.mydns.kokoichi0206.prac.Tests-macOS";
				PRODUCT_NAME = "$(TARGET_NAME)";
				SDKROOT = macosx;
				SWIFT_EMIT_LOC_STRINGS = NO;
				SWIFT_VERSION = 5.0;
				TEST_TARGET_NAME = "Graphics (macOS)";
			};
			name = Debug;
		};
		E134E10D27F5D9560014B369 /* Release */ = {
			isa = XCBuildConfiguration;
			buildSettings = {
				ALWAYS_EMBED_SWIFT_STANDARD_LIBRARIES = YES;
				CODE_SIGN_STYLE = Automatic;
				CURRENT_PROJECT_VERSION = 1;
				DEVELOPMENT_TEAM = 9DV7HHTL73;
				GENERATE_INFOPLIST_FILE = YES;
				MACOSX_DEPLOYMENT_TARGET = 12.1;
				MARKETING_VERSION = 1.0;
				PRODUCT_BUNDLE_IDENTIFIER = "jp.mydns.kokoichi0206.prac.Tests-macOS";
				PRODUCT_NAME = "$(TARGET_NAME)";
				SDKROOT = macosx;
				SWIFT_EMIT_LOC_STRINGS = NO;
				SWIFT_VERSION = 5.0;
				TEST_TARGET_NAME = "Graphics (macOS)";
			};
			name = Release;
		};
/* End XCBuildConfiguration section */

/* Begin XCConfigurationList section */
		E134E0D027F5D9530014B369 /* Build configuration list for PBXProject "Graphics" */ = {
			isa = XCConfigurationList;
			buildConfigurations = (
				E134E10027F5D9560014B369 /* Debug */,
				E134E10127F5D9560014B369 /* Release */,
			);
			defaultConfigurationIsVisible = 0;
			defaultConfigurationName = Release;
		};
		E134E10227F5D9560014B369 /* Build configuration list for PBXNativeTarget "Graphics (iOS)" */ = {
			isa = XCConfigurationList;
			buildConfigurations = (
				E134E10327F5D9560014B369 /* Debug */,
				E134E10427F5D9560014B369 /* Release */,
			);
			defaultConfigurationIsVisible = 0;
			defaultConfigurationName = Release;
		};
		E134E10527F5D9560014B369 /* Build configuration list for PBXNativeTarget "Graphics (macOS)" */ = {
			isa = XCConfigurationList;
			buildConfigurations = (
				E134E10627F5D9560014B369 /* Debug */,
				E134E10727F5D9560014B369 /* Release */,
			);
			defaultConfigurationIsVisible = 0;
			defaultConfigurationName = Release;
		};
		E134E10827F5D9560014B369 /* Build configuration list for PBXNativeTarget "Tests iOS" */ = {
			isa = XCConfigurationList;
			buildConfigurations = (
				E134E10927F5D9560014B369 /* Debug */,
				E134E10A27F5D9560014B369 /* Release */,
			);
			defaultConfigurationIsVisible = 0;
			defaultConfigurationName = Release;
		};
		E134E10B27F5D9560014B369 /* Build configuration list for PBXNativeTarget "Tests macOS" */ = {
			isa = XCConfigurationList;
			buildConfigurations = (
				E134E10C27F5D9560014B369 /* Debug */,
				E134E10D27F5D9560014B369 /* Release */,
			);
			defaultConfigurationIsVisible = 0;
			defaultConfigurationName = Release;
		};
/* End XCConfigurationList section */
	};
	rootObject = E134E0CD27F5D9530014B369 /* Project object */;
}
