// !$*UTF8*$!
{
	archiveVersion = 1;
	classes = {
	};
	objectVersion = 55;
	objects = {

/* Begin PBXBuildFile section */
		E134E11B27F627B10014B369 /* VideoEditApp.swift in Sources */ = {isa = PBXBuildFile; fileRef = E134E11A27F627B10014B369 /* VideoEditApp.swift */; };
		E134E11D27F627B10014B369 /* ContentView.swift in Sources */ = {isa = PBXBuildFile; fileRef = E134E11C27F627B10014B369 /* ContentView.swift */; };
		E134E11F27F627B30014B369 /* Assets.xcassets in Resources */ = {isa = PBXBuildFile; fileRef = E134E11E27F627B30014B369 /* Assets.xcassets */; };
		E134E12227F627B30014B369 /* Preview Assets.xcassets in Resources */ = {isa = PBXBuildFile; fileRef = E134E12127F627B30014B369 /* Preview Assets.xcassets */; };
		E134E12C27F627B30014B369 /* VideoEditTests.swift in Sources */ = {isa = PBXBuildFile; fileRef = E134E12B27F627B30014B369 /* VideoEditTests.swift */; };
		E134E13627F627B30014B369 /* VideoEditUITests.swift in Sources */ = {isa = PBXBuildFile; fileRef = E134E13527F627B30014B369 /* VideoEditUITests.swift */; };
		E134E13827F627B30014B369 /* VideoEditUITestsLaunchTests.swift in Sources */ = {isa = PBXBuildFile; fileRef = E134E13727F627B30014B369 /* VideoEditUITestsLaunchTests.swift */; };
		E134E14527F6283D0014B369 /* VideoController.swift in Sources */ = {isa = PBXBuildFile; fileRef = E134E14427F6283D0014B369 /* VideoController.swift */; };
		E134E14927F62C400014B369 /* RectOnVideo.swift in Sources */ = {isa = PBXBuildFile; fileRef = E134E14827F62C400014B369 /* RectOnVideo.swift */; };
		E134E14D27F67B7D0014B369 /* test.MOV in Resources */ = {isa = PBXBuildFile; fileRef = E134E14C27F67B7D0014B369 /* test.MOV */; };
		E1AD80FA27F7F158008FDD30 /* MovieCreator.swift in Sources */ = {isa = PBXBuildFile; fileRef = E1AD80F927F7F158008FDD30 /* MovieCreator.swift */; };
		E1AD810327F93C9C008FDD30 /* ok.png in Resources */ = {isa = PBXBuildFile; fileRef = E1AD810227F93C9C008FDD30 /* ok.png */; };
		E1AD810727FB3F62008FDD30 /* cat.png in Resources */ = {isa = PBXBuildFile; fileRef = E1AD810627FB3F62008FDD30 /* cat.png */; };
		E1AD810927FEB5B3008FDD30 /* MaskingTest.swift in Sources */ = {isa = PBXBuildFile; fileRef = E1AD810827FEB5B3008FDD30 /* MaskingTest.swift */; };
		E1AD810B27FEB741008FDD30 /* VideoCreator.swift in Sources */ = {isa = PBXBuildFile; fileRef = E1AD810A27FEB741008FDD30 /* VideoCreator.swift */; };
/* End PBXBuildFile section */

/* Begin PBXContainerItemProxy section */
		E134E12827F627B30014B369 /* PBXContainerItemProxy */ = {
			isa = PBXContainerItemProxy;
			containerPortal = E134E10F27F627B10014B369 /* Project object */;
			proxyType = 1;
			remoteGlobalIDString = E134E11627F627B10014B369;
			remoteInfo = VideoEdit;
		};
		E134E13227F627B30014B369 /* PBXContainerItemProxy */ = {
			isa = PBXContainerItemProxy;
			containerPortal = E134E10F27F627B10014B369 /* Project object */;
			proxyType = 1;
			remoteGlobalIDString = E134E11627F627B10014B369;
			remoteInfo = VideoEdit;
		};
/* End PBXContainerItemProxy section */

/* Begin PBXFileReference section */
		E134E11727F627B10014B369 /* VideoEdit.app */ = {isa = PBXFileReference; explicitFileType = wrapper.application; includeInIndex = 0; path = VideoEdit.app; sourceTree = BUILT_PRODUCTS_DIR; };
		E134E11A27F627B10014B369 /* VideoEditApp.swift */ = {isa = PBXFileReference; lastKnownFileType = sourcecode.swift; path = VideoEditApp.swift; sourceTree = "<group>"; };
		E134E11C27F627B10014B369 /* ContentView.swift */ = {isa = PBXFileReference; lastKnownFileType = sourcecode.swift; path = ContentView.swift; sourceTree = "<group>"; };
		E134E11E27F627B30014B369 /* Assets.xcassets */ = {isa = PBXFileReference; lastKnownFileType = folder.assetcatalog; path = Assets.xcassets; sourceTree = "<group>"; };
		E134E12127F627B30014B369 /* Preview Assets.xcassets */ = {isa = PBXFileReference; lastKnownFileType = folder.assetcatalog; path = "Preview Assets.xcassets"; sourceTree = "<group>"; };
		E134E12727F627B30014B369 /* VideoEditTests.xctest */ = {isa = PBXFileReference; explicitFileType = wrapper.cfbundle; includeInIndex = 0; path = VideoEditTests.xctest; sourceTree = BUILT_PRODUCTS_DIR; };
		E134E12B27F627B30014B369 /* VideoEditTests.swift */ = {isa = PBXFileReference; lastKnownFileType = sourcecode.swift; path = VideoEditTests.swift; sourceTree = "<group>"; };
		E134E13127F627B30014B369 /* VideoEditUITests.xctest */ = {isa = PBXFileReference; explicitFileType = wrapper.cfbundle; includeInIndex = 0; path = VideoEditUITests.xctest; sourceTree = BUILT_PRODUCTS_DIR; };
		E134E13527F627B30014B369 /* VideoEditUITests.swift */ = {isa = PBXFileReference; lastKnownFileType = sourcecode.swift; path = VideoEditUITests.swift; sourceTree = "<group>"; };
		E134E13727F627B30014B369 /* VideoEditUITestsLaunchTests.swift */ = {isa = PBXFileReference; lastKnownFileType = sourcecode.swift; path = VideoEditUITestsLaunchTests.swift; sourceTree = "<group>"; };
		E134E14427F6283D0014B369 /* VideoController.swift */ = {isa = PBXFileReference; lastKnownFileType = sourcecode.swift; path = VideoController.swift; sourceTree = "<group>"; };
		E134E14827F62C400014B369 /* RectOnVideo.swift */ = {isa = PBXFileReference; lastKnownFileType = sourcecode.swift; path = RectOnVideo.swift; sourceTree = "<group>"; };
		E134E14C27F67B7D0014B369 /* test.MOV */ = {isa = PBXFileReference; lastKnownFileType = video.quicktime; path = test.MOV; sourceTree = "<group>"; };
		E1AD80F927F7F158008FDD30 /* MovieCreator.swift */ = {isa = PBXFileReference; lastKnownFileType = sourcecode.swift; path = MovieCreator.swift; sourceTree = "<group>"; };
		E1AD810227F93C9C008FDD30 /* ok.png */ = {isa = PBXFileReference; lastKnownFileType = image.png; path = ok.png; sourceTree = "<group>"; };
		E1AD810627FB3F62008FDD30 /* cat.png */ = {isa = PBXFileReference; lastKnownFileType = image.png; path = cat.png; sourceTree = "<group>"; };
		E1AD810827FEB5B3008FDD30 /* MaskingTest.swift */ = {isa = PBXFileReference; lastKnownFileType = sourcecode.swift; path = MaskingTest.swift; sourceTree = "<group>"; };
		E1AD810A27FEB741008FDD30 /* VideoCreator.swift */ = {isa = PBXFileReference; lastKnownFileType = sourcecode.swift; path = VideoCreator.swift; sourceTree = "<group>"; };
/* End PBXFileReference section */

/* Begin PBXFrameworksBuildPhase section */
		E134E11427F627B10014B369 /* Frameworks */ = {
			isa = PBXFrameworksBuildPhase;
			buildActionMask = 2147483647;
			files = (
			);
			runOnlyForDeploymentPostprocessing = 0;
		};
		E134E12427F627B30014B369 /* Frameworks */ = {
			isa = PBXFrameworksBuildPhase;
			buildActionMask = 2147483647;
			files = (
			);
			runOnlyForDeploymentPostprocessing = 0;
		};
		E134E12E27F627B30014B369 /* Frameworks */ = {
			isa = PBXFrameworksBuildPhase;
			buildActionMask = 2147483647;
			files = (
			);
			runOnlyForDeploymentPostprocessing = 0;
		};
/* End PBXFrameworksBuildPhase section */

/* Begin PBXGroup section */
		E134E10E27F627B10014B369 = {
			isa = PBXGroup;
			children = (
				E1AD810227F93C9C008FDD30 /* ok.png */,
				E1AD810627FB3F62008FDD30 /* cat.png */,
				E134E14C27F67B7D0014B369 /* test.MOV */,
				E134E11927F627B10014B369 /* VideoEdit */,
				E134E12A27F627B30014B369 /* VideoEditTests */,
				E134E13427F627B30014B369 /* VideoEditUITests */,
				E134E11827F627B10014B369 /* Products */,
			);
			sourceTree = "<group>";
		};
		E134E11827F627B10014B369 /* Products */ = {
			isa = PBXGroup;
			children = (
				E134E11727F627B10014B369 /* VideoEdit.app */,
				E134E12727F627B30014B369 /* VideoEditTests.xctest */,
				E134E13127F627B30014B369 /* VideoEditUITests.xctest */,
			);
			name = Products;
			sourceTree = "<group>";
		};
		E134E11927F627B10014B369 /* VideoEdit */ = {
			isa = PBXGroup;
			children = (
				E134E11A27F627B10014B369 /* VideoEditApp.swift */,
				E134E11C27F627B10014B369 /* ContentView.swift */,
				E134E11E27F627B30014B369 /* Assets.xcassets */,
				E134E12027F627B30014B369 /* Preview Content */,
				E134E14427F6283D0014B369 /* VideoController.swift */,
				E134E14827F62C400014B369 /* RectOnVideo.swift */,
				E1AD80F927F7F158008FDD30 /* MovieCreator.swift */,
				E1AD810827FEB5B3008FDD30 /* MaskingTest.swift */,
				E1AD810A27FEB741008FDD30 /* VideoCreator.swift */,
			);
			path = VideoEdit;
			sourceTree = "<group>";
		};
		E134E12027F627B30014B369 /* Preview Content */ = {
			isa = PBXGroup;
			children = (
				E134E12127F627B30014B369 /* Preview Assets.xcassets */,
			);
			path = "Preview Content";
			sourceTree = "<group>";
		};
		E134E12A27F627B30014B369 /* VideoEditTests */ = {
			isa = PBXGroup;
			children = (
				E134E12B27F627B30014B369 /* VideoEditTests.swift */,
			);
			path = VideoEditTests;
			sourceTree = "<group>";
		};
		E134E13427F627B30014B369 /* VideoEditUITests */ = {
			isa = PBXGroup;
			children = (
				E134E13527F627B30014B369 /* VideoEditUITests.swift */,
				E134E13727F627B30014B369 /* VideoEditUITestsLaunchTests.swift */,
			);
			path = VideoEditUITests;
			sourceTree = "<group>";
		};
/* End PBXGroup section */

/* Begin PBXNativeTarget section */
		E134E11627F627B10014B369 /* VideoEdit */ = {
			isa = PBXNativeTarget;
			buildConfigurationList = E134E13B27F627B30014B369 /* Build configuration list for PBXNativeTarget "VideoEdit" */;
			buildPhases = (
				E134E11327F627B10014B369 /* Sources */,
				E134E11427F627B10014B369 /* Frameworks */,
				E134E11527F627B10014B369 /* Resources */,
			);
			buildRules = (
			);
			dependencies = (
			);
			name = VideoEdit;
			productName = VideoEdit;
			productReference = E134E11727F627B10014B369 /* VideoEdit.app */;
			productType = "com.apple.product-type.application";
		};
		E134E12627F627B30014B369 /* VideoEditTests */ = {
			isa = PBXNativeTarget;
			buildConfigurationList = E134E13E27F627B30014B369 /* Build configuration list for PBXNativeTarget "VideoEditTests" */;
			buildPhases = (
				E134E12327F627B30014B369 /* Sources */,
				E134E12427F627B30014B369 /* Frameworks */,
				E134E12527F627B30014B369 /* Resources */,
			);
			buildRules = (
			);
			dependencies = (
				E134E12927F627B30014B369 /* PBXTargetDependency */,
			);
			name = VideoEditTests;
			productName = VideoEditTests;
			productReference = E134E12727F627B30014B369 /* VideoEditTests.xctest */;
			productType = "com.apple.product-type.bundle.unit-test";
		};
		E134E13027F627B30014B369 /* VideoEditUITests */ = {
			isa = PBXNativeTarget;
			buildConfigurationList = E134E14127F627B30014B369 /* Build configuration list for PBXNativeTarget "VideoEditUITests" */;
			buildPhases = (
				E134E12D27F627B30014B369 /* Sources */,
				E134E12E27F627B30014B369 /* Frameworks */,
				E134E12F27F627B30014B369 /* Resources */,
			);
			buildRules = (
			);
			dependencies = (
				E134E13327F627B30014B369 /* PBXTargetDependency */,
			);
			name = VideoEditUITests;
			productName = VideoEditUITests;
			productReference = E134E13127F627B30014B369 /* VideoEditUITests.xctest */;
			productType = "com.apple.product-type.bundle.ui-testing";
		};
/* End PBXNativeTarget section */

/* Begin PBXProject section */
		E134E10F27F627B10014B369 /* Project object */ = {
			isa = PBXProject;
			attributes = {
				BuildIndependentTargetsInParallel = 1;
				LastSwiftUpdateCheck = 1320;
				LastUpgradeCheck = 1320;
				TargetAttributes = {
					E134E11627F627B10014B369 = {
						CreatedOnToolsVersion = 13.2.1;
					};
					E134E12627F627B30014B369 = {
						CreatedOnToolsVersion = 13.2.1;
						TestTargetID = E134E11627F627B10014B369;
					};
					E134E13027F627B30014B369 = {
						CreatedOnToolsVersion = 13.2.1;
						TestTargetID = E134E11627F627B10014B369;
					};
				};
			};
			buildConfigurationList = E134E11227F627B10014B369 /* Build configuration list for PBXProject "VideoEdit" */;
			compatibilityVersion = "Xcode 13.0";
			developmentRegion = en;
			hasScannedForEncodings = 0;
			knownRegions = (
				en,
				Base,
			);
			mainGroup = E134E10E27F627B10014B369;
			productRefGroup = E134E11827F627B10014B369 /* Products */;
			projectDirPath = "";
			projectRoot = "";
			targets = (
				E134E11627F627B10014B369 /* VideoEdit */,
				E134E12627F627B30014B369 /* VideoEditTests */,
				E134E13027F627B30014B369 /* VideoEditUITests */,
			);
		};
/* End PBXProject section */

/* Begin PBXResourcesBuildPhase section */
		E134E11527F627B10014B369 /* Resources */ = {
			isa = PBXResourcesBuildPhase;
			buildActionMask = 2147483647;
			files = (
				E1AD810727FB3F62008FDD30 /* cat.png in Resources */,
				E134E12227F627B30014B369 /* Preview Assets.xcassets in Resources */,
				E134E11F27F627B30014B369 /* Assets.xcassets in Resources */,
				E134E14D27F67B7D0014B369 /* test.MOV in Resources */,
				E1AD810327F93C9C008FDD30 /* ok.png in Resources */,
			);
			runOnlyForDeploymentPostprocessing = 0;
		};
		E134E12527F627B30014B369 /* Resources */ = {
			isa = PBXResourcesBuildPhase;
			buildActionMask = 2147483647;
			files = (
			);
			runOnlyForDeploymentPostprocessing = 0;
		};
		E134E12F27F627B30014B369 /* Resources */ = {
			isa = PBXResourcesBuildPhase;
			buildActionMask = 2147483647;
			files = (
			);
			runOnlyForDeploymentPostprocessing = 0;
		};
/* End PBXResourcesBuildPhase section */

/* Begin PBXSourcesBuildPhase section */
		E134E11327F627B10014B369 /* Sources */ = {
			isa = PBXSourcesBuildPhase;
			buildActionMask = 2147483647;
			files = (
				E1AD80FA27F7F158008FDD30 /* MovieCreator.swift in Sources */,
				E134E11D27F627B10014B369 /* ContentView.swift in Sources */,
				E134E14527F6283D0014B369 /* VideoController.swift in Sources */,
				E134E14927F62C400014B369 /* RectOnVideo.swift in Sources */,
				E1AD810B27FEB741008FDD30 /* VideoCreator.swift in Sources */,
				E1AD810927FEB5B3008FDD30 /* MaskingTest.swift in Sources */,
				E134E11B27F627B10014B369 /* VideoEditApp.swift in Sources */,
			);
			runOnlyForDeploymentPostprocessing = 0;
		};
		E134E12327F627B30014B369 /* Sources */ = {
			isa = PBXSourcesBuildPhase;
			buildActionMask = 2147483647;
			files = (
				E134E12C27F627B30014B369 /* VideoEditTests.swift in Sources */,
			);
			runOnlyForDeploymentPostprocessing = 0;
		};
		E134E12D27F627B30014B369 /* Sources */ = {
			isa = PBXSourcesBuildPhase;
			buildActionMask = 2147483647;
			files = (
				E134E13827F627B30014B369 /* VideoEditUITestsLaunchTests.swift in Sources */,
				E134E13627F627B30014B369 /* VideoEditUITests.swift in Sources */,
			);
			runOnlyForDeploymentPostprocessing = 0;
		};
/* End PBXSourcesBuildPhase section */

/* Begin PBXTargetDependency section */
		E134E12927F627B30014B369 /* PBXTargetDependency */ = {
			isa = PBXTargetDependency;
			target = E134E11627F627B10014B369 /* VideoEdit */;
			targetProxy = E134E12827F627B30014B369 /* PBXContainerItemProxy */;
		};
		E134E13327F627B30014B369 /* PBXTargetDependency */ = {
			isa = PBXTargetDependency;
			target = E134E11627F627B10014B369 /* VideoEdit */;
			targetProxy = E134E13227F627B30014B369 /* PBXContainerItemProxy */;
		};
/* End PBXTargetDependency section */

/* Begin XCBuildConfiguration section */
		E134E13927F627B30014B369 /* Debug */ = {
			isa = XCBuildConfiguration;
			buildSettings = {
				ALWAYS_SEARCH_USER_PATHS = NO;
				CLANG_ANALYZER_NONNULL = YES;
				CLANG_ANALYZER_NUMBER_OBJECT_CONVERSION = YES_AGGRESSIVE;
				CLANG_CXX_LANGUAGE_STANDARD = "gnu++17";
				CLANG_CXX_LIBRARY = "libc++";
				CLANG_ENABLE_MODULES = YES;
				CLANG_ENABLE_OBJC_ARC = YES;
				CLANG_ENABLE_OBJC_WEAK = YES;
				CLANG_WARN_BLOCK_CAPTURE_AUTORELEASING = YES;
				CLANG_WARN_BOOL_CONVERSION = YES;
				CLANG_WARN_COMMA = YES;
				CLANG_WARN_CONSTANT_CONVERSION = YES;
				CLANG_WARN_DEPRECATED_OBJC_IMPLEMENTATIONS = YES;
				CLANG_WARN_DIRECT_OBJC_ISA_USAGE = YES_ERROR;
				CLANG_WARN_DOCUMENTATION_COMMENTS = YES;
				CLANG_WARN_EMPTY_BODY = YES;
				CLANG_WARN_ENUM_CONVERSION = YES;
				CLANG_WARN_INFINITE_RECURSION = YES;
				CLANG_WARN_INT_CONVERSION = YES;
				CLANG_WARN_NON_LITERAL_NULL_CONVERSION = YES;
				CLANG_WARN_OBJC_IMPLICIT_RETAIN_SELF = YES;
				CLANG_WARN_OBJC_LITERAL_CONVERSION = YES;
				CLANG_WARN_OBJC_ROOT_CLASS = YES_ERROR;
				CLANG_WARN_QUOTED_INCLUDE_IN_FRAMEWORK_HEADER = YES;
				CLANG_WARN_RANGE_LOOP_ANALYSIS = YES;
				CLANG_WARN_STRICT_PROTOTYPES = YES;
				CLANG_WARN_SUSPICIOUS_MOVE = YES;
				CLANG_WARN_UNGUARDED_AVAILABILITY = YES_AGGRESSIVE;
				CLANG_WARN_UNREACHABLE_CODE = YES;
				CLANG_WARN__DUPLICATE_METHOD_MATCH = YES;
				COPY_PHASE_STRIP = NO;
				DEBUG_INFORMATION_FORMAT = dwarf;
				ENABLE_STRICT_OBJC_MSGSEND = YES;
				ENABLE_TESTABILITY = YES;
				GCC_C_LANGUAGE_STANDARD = gnu11;
				GCC_DYNAMIC_NO_PIC = NO;
				GCC_NO_COMMON_BLOCKS = YES;
				GCC_OPTIMIZATION_LEVEL = 0;
				GCC_PREPROCESSOR_DEFINITIONS = (
					"DEBUG=1",
					"$(inherited)",
				);
				GCC_WARN_64_TO_32_BIT_CONVERSION = YES;
				GCC_WARN_ABOUT_RETURN_TYPE = YES_ERROR;
				GCC_WARN_UNDECLARED_SELECTOR = YES;
				GCC_WARN_UNINITIALIZED_AUTOS = YES_AGGRESSIVE;
				GCC_WARN_UNUSED_FUNCTION = YES;
				GCC_WARN_UNUSED_VARIABLE = YES;
				IPHONEOS_DEPLOYMENT_TARGET = 15.2;
				MTL_ENABLE_DEBUG_INFO = INCLUDE_SOURCE;
				MTL_FAST_MATH = YES;
				ONLY_ACTIVE_ARCH = YES;
				SDKROOT = iphoneos;
				SWIFT_ACTIVE_COMPILATION_CONDITIONS = DEBUG;
				SWIFT_OPTIMIZATION_LEVEL = "-Onone";
			};
			name = Debug;
		};
		E134E13A27F627B30014B369 /* Release */ = {
			isa = XCBuildConfiguration;
			buildSettings = {
				ALWAYS_SEARCH_USER_PATHS = NO;
				CLANG_ANALYZER_NONNULL = YES;
				CLANG_ANALYZER_NUMBER_OBJECT_CONVERSION = YES_AGGRESSIVE;
				CLANG_CXX_LANGUAGE_STANDARD = "gnu++17";
				CLANG_CXX_LIBRARY = "libc++";
				CLANG_ENABLE_MODULES = YES;
				CLANG_ENABLE_OBJC_ARC = YES;
				CLANG_ENABLE_OBJC_WEAK = YES;
				CLANG_WARN_BLOCK_CAPTURE_AUTORELEASING = YES;
				CLANG_WARN_BOOL_CONVERSION = YES;
				CLANG_WARN_COMMA = YES;
				CLANG_WARN_CONSTANT_CONVERSION = YES;
				CLANG_WARN_DEPRECATED_OBJC_IMPLEMENTATIONS = YES;
				CLANG_WARN_DIRECT_OBJC_ISA_USAGE = YES_ERROR;
				CLANG_WARN_DOCUMENTATION_COMMENTS = YES;
				CLANG_WARN_EMPTY_BODY = YES;
				CLANG_WARN_ENUM_CONVERSION = YES;
				CLANG_WARN_INFINITE_RECURSION = YES;
				CLANG_WARN_INT_CONVERSION = YES;
				CLANG_WARN_NON_LITERAL_NULL_CONVERSION = YES;
				CLANG_WARN_OBJC_IMPLICIT_RETAIN_SELF = YES;
				CLANG_WARN_OBJC_LITERAL_CONVERSION = YES;
				CLANG_WARN_OBJC_ROOT_CLASS = YES_ERROR;
				CLANG_WARN_QUOTED_INCLUDE_IN_FRAMEWORK_HEADER = YES;
				CLANG_WARN_RANGE_LOOP_ANALYSIS = YES;
				CLANG_WARN_STRICT_PROTOTYPES = YES;
				CLANG_WARN_SUSPICIOUS_MOVE = YES;
				CLANG_WARN_UNGUARDED_AVAILABILITY = YES_AGGRESSIVE;
				CLANG_WARN_UNREACHABLE_CODE = YES;
				CLANG_WARN__DUPLICATE_METHOD_MATCH = YES;
				COPY_PHASE_STRIP = NO;
				DEBUG_INFORMATION_FORMAT = "dwarf-with-dsym";
				ENABLE_NS_ASSERTIONS = NO;
				ENABLE_STRICT_OBJC_MSGSEND = YES;
				GCC_C_LANGUAGE_STANDARD = gnu11;
				GCC_NO_COMMON_BLOCKS = YES;
				GCC_WARN_64_TO_32_BIT_CONVERSION = YES;
				GCC_WARN_ABOUT_RETURN_TYPE = YES_ERROR;
				GCC_WARN_UNDECLARED_SELECTOR = YES;
				GCC_WARN_UNINITIALIZED_AUTOS = YES_AGGRESSIVE;
				GCC_WARN_UNUSED_FUNCTION = YES;
				GCC_WARN_UNUSED_VARIABLE = YES;
				IPHONEOS_DEPLOYMENT_TARGET = 15.2;
				MTL_ENABLE_DEBUG_INFO = NO;
				MTL_FAST_MATH = YES;
				SDKROOT = iphoneos;
				SWIFT_COMPILATION_MODE = wholemodule;
				SWIFT_OPTIMIZATION_LEVEL = "-O";
				VALIDATE_PRODUCT = YES;
			};
			name = Release;
		};
		E134E13C27F627B30014B369 /* Debug */ = {
			isa = XCBuildConfiguration;
			buildSettings = {
				ASSETCATALOG_COMPILER_APPICON_NAME = AppIcon;
				ASSETCATALOG_COMPILER_GLOBAL_ACCENT_COLOR_NAME = AccentColor;
				CODE_SIGN_STYLE = Automatic;
				CURRENT_PROJECT_VERSION = 1;
				DEVELOPMENT_ASSET_PATHS = "\"VideoEdit/Preview Content\"";
				DEVELOPMENT_TEAM = 9DV7HHTL73;
				ENABLE_PREVIEWS = YES;
				GENERATE_INFOPLIST_FILE = YES;
				INFOPLIST_KEY_UIApplicationSceneManifest_Generation = YES;
				INFOPLIST_KEY_UIApplicationSupportsIndirectInputEvents = YES;
				INFOPLIST_KEY_UILaunchScreen_Generation = YES;
				INFOPLIST_KEY_UISupportedInterfaceOrientations_iPad = "UIInterfaceOrientationPortrait UIInterfaceOrientationPortraitUpsideDown UIInterfaceOrientationLandscapeLeft UIInterfaceOrientationLandscapeRight";
				INFOPLIST_KEY_UISupportedInterfaceOrientations_iPhone = "UIInterfaceOrientationPortrait UIInterfaceOrientationLandscapeLeft UIInterfaceOrientationLandscapeRight";
				LD_RUNPATH_SEARCH_PATHS = (
					"$(inherited)",
					"@executable_path/Frameworks",
				);
				MARKETING_VERSION = 1.0;
				PRODUCT_BUNDLE_IDENTIFIER = jp.mydns.kokoichi0206.prac.VideoEdit;
				PRODUCT_NAME = "$(TARGET_NAME)";
				SWIFT_EMIT_LOC_STRINGS = YES;
				SWIFT_VERSION = 5.0;
				TARGETED_DEVICE_FAMILY = "1,2";
			};
			name = Debug;
		};
		E134E13D27F627B30014B369 /* Release */ = {
			isa = XCBuildConfiguration;
			buildSettings = {
				ASSETCATALOG_COMPILER_APPICON_NAME = AppIcon;
				ASSETCATALOG_COMPILER_GLOBAL_ACCENT_COLOR_NAME = AccentColor;
				CODE_SIGN_STYLE = Automatic;
				CURRENT_PROJECT_VERSION = 1;
				DEVELOPMENT_ASSET_PATHS = "\"VideoEdit/Preview Content\"";
				DEVELOPMENT_TEAM = 9DV7HHTL73;
				ENABLE_PREVIEWS = YES;
				GENERATE_INFOPLIST_FILE = YES;
				INFOPLIST_KEY_UIApplicationSceneManifest_Generation = YES;
				INFOPLIST_KEY_UIApplicationSupportsIndirectInputEvents = YES;
				INFOPLIST_KEY_UILaunchScreen_Generation = YES;
				INFOPLIST_KEY_UISupportedInterfaceOrientations_iPad = "UIInterfaceOrientationPortrait UIInterfaceOrientationPortraitUpsideDown UIInterfaceOrientationLandscapeLeft UIInterfaceOrientationLandscapeRight";
				INFOPLIST_KEY_UISupportedInterfaceOrientations_iPhone = "UIInterfaceOrientationPortrait UIInterfaceOrientationLandscapeLeft UIInterfaceOrientationLandscapeRight";
				LD_RUNPATH_SEARCH_PATHS = (
					"$(inherited)",
					"@executable_path/Frameworks",
				);
				MARKETING_VERSION = 1.0;
				PRODUCT_BUNDLE_IDENTIFIER = jp.mydns.kokoichi0206.prac.VideoEdit;
				PRODUCT_NAME = "$(TARGET_NAME)";
				SWIFT_EMIT_LOC_STRINGS = YES;
				SWIFT_VERSION = 5.0;
				TARGETED_DEVICE_FAMILY = "1,2";
			};
			name = Release;
		};
		E134E13F27F627B30014B369 /* Debug */ = {
			isa = XCBuildConfiguration;
			buildSettings = {
				ALWAYS_EMBED_SWIFT_STANDARD_LIBRARIES = YES;
				BUNDLE_LOADER = "$(TEST_HOST)";
				CODE_SIGN_STYLE = Automatic;
				CURRENT_PROJECT_VERSION = 1;
				DEVELOPMENT_TEAM = 9DV7HHTL73;
				GENERATE_INFOPLIST_FILE = YES;
				IPHONEOS_DEPLOYMENT_TARGET = 15.2;
				MARKETING_VERSION = 1.0;
				PRODUCT_BUNDLE_IDENTIFIER = jp.mydns.kokoichi0206.prac.VideoEditTests;
				PRODUCT_NAME = "$(TARGET_NAME)";
				SWIFT_EMIT_LOC_STRINGS = NO;
				SWIFT_VERSION = 5.0;
				TARGETED_DEVICE_FAMILY = "1,2";
				TEST_HOST = "$(BUILT_PRODUCTS_DIR)/VideoEdit.app/VideoEdit";
			};
			name = Debug;
		};
		E134E14027F627B30014B369 /* Release */ = {
			isa = XCBuildConfiguration;
			buildSettings = {
				ALWAYS_EMBED_SWIFT_STANDARD_LIBRARIES = YES;
				BUNDLE_LOADER = "$(TEST_HOST)";
				CODE_SIGN_STYLE = Automatic;
				CURRENT_PROJECT_VERSION = 1;
				DEVELOPMENT_TEAM = 9DV7HHTL73;
				GENERATE_INFOPLIST_FILE = YES;
				IPHONEOS_DEPLOYMENT_TARGET = 15.2;
				MARKETING_VERSION = 1.0;
				PRODUCT_BUNDLE_IDENTIFIER = jp.mydns.kokoichi0206.prac.VideoEditTests;
				PRODUCT_NAME = "$(TARGET_NAME)";
				SWIFT_EMIT_LOC_STRINGS = NO;
				SWIFT_VERSION = 5.0;
				TARGETED_DEVICE_FAMILY = "1,2";
				TEST_HOST = "$(BUILT_PRODUCTS_DIR)/VideoEdit.app/VideoEdit";
			};
			name = Release;
		};
		E134E14227F627B30014B369 /* Debug */ = {
			isa = XCBuildConfiguration;
			buildSettings = {
				ALWAYS_EMBED_SWIFT_STANDARD_LIBRARIES = YES;
				CODE_SIGN_STYLE = Automatic;
				CURRENT_PROJECT_VERSION = 1;
				DEVELOPMENT_TEAM = 9DV7HHTL73;
				GENERATE_INFOPLIST_FILE = YES;
				MARKETING_VERSION = 1.0;
				PRODUCT_BUNDLE_IDENTIFIER = jp.mydns.kokoichi0206.prac.VideoEditUITests;
				PRODUCT_NAME = "$(TARGET_NAME)";
				SWIFT_EMIT_LOC_STRINGS = NO;
				SWIFT_VERSION = 5.0;
				TARGETED_DEVICE_FAMILY = "1,2";
				TEST_TARGET_NAME = VideoEdit;
			};
			name = Debug;
		};
		E134E14327F627B30014B369 /* Release */ = {
			isa = XCBuildConfiguration;
			buildSettings = {
				ALWAYS_EMBED_SWIFT_STANDARD_LIBRARIES = YES;
				CODE_SIGN_STYLE = Automatic;
				CURRENT_PROJECT_VERSION = 1;
				DEVELOPMENT_TEAM = 9DV7HHTL73;
				GENERATE_INFOPLIST_FILE = YES;
				MARKETING_VERSION = 1.0;
				PRODUCT_BUNDLE_IDENTIFIER = jp.mydns.kokoichi0206.prac.VideoEditUITests;
				PRODUCT_NAME = "$(TARGET_NAME)";
				SWIFT_EMIT_LOC_STRINGS = NO;
				SWIFT_VERSION = 5.0;
				TARGETED_DEVICE_FAMILY = "1,2";
				TEST_TARGET_NAME = VideoEdit;
			};
			name = Release;
		};
/* End XCBuildConfiguration section */

/* Begin XCConfigurationList section */
		E134E11227F627B10014B369 /* Build configuration list for PBXProject "VideoEdit" */ = {
			isa = XCConfigurationList;
			buildConfigurations = (
				E134E13927F627B30014B369 /* Debug */,
				E134E13A27F627B30014B369 /* Release */,
			);
			defaultConfigurationIsVisible = 0;
			defaultConfigurationName = Release;
		};
		E134E13B27F627B30014B369 /* Build configuration list for PBXNativeTarget "VideoEdit" */ = {
			isa = XCConfigurationList;
			buildConfigurations = (
				E134E13C27F627B30014B369 /* Debug */,
				E134E13D27F627B30014B369 /* Release */,
			);
			defaultConfigurationIsVisible = 0;
			defaultConfigurationName = Release;
		};
		E134E13E27F627B30014B369 /* Build configuration list for PBXNativeTarget "VideoEditTests" */ = {
			isa = XCConfigurationList;
			buildConfigurations = (
				E134E13F27F627B30014B369 /* Debug */,
				E134E14027F627B30014B369 /* Release */,
			);
			defaultConfigurationIsVisible = 0;
			defaultConfigurationName = Release;
		};
		E134E14127F627B30014B369 /* Build configuration list for PBXNativeTarget "VideoEditUITests" */ = {
			isa = XCConfigurationList;
			buildConfigurations = (
				E134E14227F627B30014B369 /* Debug */,
				E134E14327F627B30014B369 /* Release */,
			);
			defaultConfigurationIsVisible = 0;
			defaultConfigurationName = Release;
		};
/* End XCConfigurationList section */
	};
	rootObject = E134E10F27F627B10014B369 /* Project object */;
}
